# Generated by conda-lock.
# platform: osx-arm64
# input_hash: 6a1f573b1bd7e9f812056559e57cc41118fa07cfd30fd9a59dc43b21b7f105ec
@EXPLICIT
https://conda.anaconda.org/conda-forge/noarch/font-ttf-dejavu-sans-mono-2.37-hab24e00_0.tar.bz2#0c96522c6bdaed4b1566d11387caaf45
https://conda.anaconda.org/conda-forge/noarch/font-ttf-inconsolata-3.000-h77eed37_0.tar.bz2#34893075a5c9e55cdafac56607368fc6
https://conda.anaconda.org/conda-forge/noarch/font-ttf-source-code-pro-2.038-h77eed37_0.tar.bz2#4d59c254e01d9cde7957100457e2d5fb
https://conda.anaconda.org/conda-forge/noarch/font-ttf-ubuntu-0.83-h77eed37_3.conda#49023d73832ef61042f6a237cb2687e7
https://conda.anaconda.org/conda-forge/osx-arm64/git-lfs-3.7.1-h07d3073_0.conda#5756ce274afd8719486dcee6b5cd6e92
https://conda.anaconda.org/conda-forge/osx-arm64/hicolor-icon-theme-0.17-hce30654_2.tar.bz2#237b05b7eb284d7eebc3c5d93f5e4bca
https://conda.anaconda.org/conda-forge/osx-arm64/libev-4.33-h93a5062_2.conda#36d33e440c31857372a72137f78bacf5
https://conda.anaconda.org/conda-forge/osx-arm64/libopentelemetry-cpp-headers-1.21.0-hce30654_1.conda#c7df4b2d612208f3a27486c113b6aefc
https://conda.anaconda.org/conda-forge/osx-arm64/libunistring-0.9.10-h3422bc3_0.tar.bz2#d88e77a4861e20bd96bde6628ee7a5ae
https://conda.anaconda.org/conda-forge/osx-arm64/nlohmann_json-3.12.0-h248ca61_1.conda#3ba9d0c21af2150cb92b2ab8bdad3090
https://conda.anaconda.org/conda-forge/osx-arm64/perl-5.32.1-7_h4614cfb_perl5.conda#ba3cbe93f99e896765422cc5f7c3a79e
https://conda.anaconda.org/conda-forge/noarch/python_abi-3.11-8_cp311.conda#8fcb6b0e2161850556231336dae58358
https://conda.anaconda.org/conda-forge/noarch/tzdata-2025c-hc9c84f9_1.conda#ad659d0a2b3e47e38d829aa8cad2d610
https://conda.anaconda.org/conda-forge/osx-arm64/aws-c-common-0.12.4-h6caf38d_0.conda#7a3edd3d065687fe3aa9a04a515fd2bf
https://conda.anaconda.org/conda-forge/osx-arm64/bzip2-1.0.8-hd037594_8.conda#58fd217444c2a5701a44244faf518206
https://conda.anaconda.org/conda-forge/osx-arm64/c-ares-1.34.6-hc919400_0.conda#bcb3cba70cf1eec964a03b4ba7775f01
https://conda.anaconda.org/conda-forge/noarch/ca-certificates-2025.11.12-hbd8a1cb_0.conda#f0991f0f84902f6b6009b4d2350a83aa
https://conda.anaconda.org/conda-forge/osx-arm64/epoxy-1.5.10-hc919400_2.conda#3b87dabebe54c6d66a07b97b53ac5874
https://conda.anaconda.org/conda-forge/noarch/fonts-conda-forge-1-hc364b38_1.conda#a7970cd949a077b7cb9696379d338681
https://conda.anaconda.org/conda-forge/osx-arm64/fribidi-1.0.16-hc919400_0.conda#04bdce8d93a4ed181d1d726163c2d447
https://conda.anaconda.org/conda-forge/osx-arm64/icu-75.1-hfee45f7_0.conda#5eb22c1d7b3fc4abb50d92d621583137
https://conda.anaconda.org/conda-forge/osx-arm64/libbrotlicommon-1.1.0-h6caf38d_4.conda#231cffe69d41716afe4525c5c1cc5ddd
https://conda.anaconda.org/conda-forge/osx-arm64/libcxx-21.1.8-hf598326_0.conda#780f0251b757564e062187044232c2b7
https://conda.anaconda.org/conda-forge/osx-arm64/libdeflate-1.22-hd74edd7_0.conda#2d3e3f3d8ab315748420ef58d5a3ae0f
https://conda.anaconda.org/conda-forge/osx-arm64/libexpat-2.7.3-haf25636_0.conda#b79875dbb5b1db9a4a22a4520f918e1a
https://conda.anaconda.org/conda-forge/osx-arm64/libffi-3.5.2-he5f378a_0.conda#411ff7cd5d1472bba0f55c0faf04453b
https://conda.anaconda.org/conda-forge/osx-arm64/libiconv-1.18-h23cfdf5_2.conda#4d5a7445f0b25b6a3ddbb56e790f5251
https://conda.anaconda.org/conda-forge/osx-arm64/libjpeg-turbo-3.1.2-hc919400_0.conda#f0695fbecf1006f27f4395d64bd0c4b8
https://conda.anaconda.org/conda-forge/osx-arm64/liblzma-5.8.1-h39f12f2_2.conda#d6df911d4564d77c4374b02552cb17d1
https://conda.anaconda.org/conda-forge/osx-arm64/libsodium-1.0.20-h99b78c6_0.conda#a7ce36e284c5faaf93c220dfc39e3abd
https://conda.anaconda.org/conda-forge/osx-arm64/libutf8proc-2.11.2-hd2415e0_0.conda#1ae98806b064c48f184d7c6e0ac506b6
https://conda.anaconda.org/conda-forge/osx-arm64/libwebp-base-1.6.0-h07db88b_0.conda#e5e7d467f80da752be17796b87fe6385
https://conda.anaconda.org/conda-forge/osx-arm64/libzlib-1.3.1-h8359307_2.conda#369964e85dc26bfe78f41399b366c435
https://conda.anaconda.org/conda-forge/osx-arm64/llvm-openmp-21.1.8-h4a912ad_0.conda#206ad2df1b5550526e386087bef543c7
https://conda.anaconda.org/conda-forge/osx-arm64/m4-1.4.20-h5505292_0.conda#4b57dac66db7018569818428b9754153
https://conda.anaconda.org/conda-forge/osx-arm64/ncurses-6.5-h5e97a16_3.conda#068d497125e4bf8a66bf707254fff5ae
https://conda.anaconda.org/conda-forge/osx-arm64/pthread-stubs-0.4-hd74edd7_1002.conda#415816daf82e0b23a736a069a75e9da7
https://conda.anaconda.org/conda-forge/osx-arm64/selenium-manager-4.38.0-h8d80559_0.conda#c80339faf890340ef673ece11f12bda5
https://conda.anaconda.org/conda-forge/osx-arm64/xorg-libxau-1.0.12-hc919400_1.conda#78b548eed8227a689f93775d5d23ae09
https://conda.anaconda.org/conda-forge/osx-arm64/xorg-libxdmcp-1.1.5-hc919400_1.conda#9d1299ace1924aa8f4e0bc8e71dd0cf7
https://conda.anaconda.org/conda-forge/osx-arm64/yaml-0.2.5-h925e9cb_3.conda#78a0fe9e9c50d2c381e8ee47e3ea437d
https://conda.anaconda.org/conda-forge/osx-arm64/_openmp_mutex-4.5-7_kmp_llvm.conda#a44032f282e7d2acdeb1c240308052dd
https://conda.anaconda.org/conda-forge/osx-arm64/autoconf-2.72-pl5321hd3c70e0_1.conda#541363825691b203463e1d4feed4de1b
https://conda.anaconda.org/conda-forge/osx-arm64/aws-c-cal-0.9.2-hd08b81e_1.conda#f8d75a83ced3f7296fed525502eac257
https://conda.anaconda.org/conda-forge/osx-arm64/aws-c-compression-0.3.1-habbe1e8_6.conda#35c95aad3ab99e0a428c2e02e8b8e282
https://conda.anaconda.org/conda-forge/osx-arm64/aws-c-sdkutils-0.2.4-habbe1e8_1.conda#9d77627725afb71b57f38355ee9e2829
https://conda.anaconda.org/conda-forge/osx-arm64/aws-checksums-0.2.7-habbe1e8_2.conda#f3f6fef7c8d8ce7f80df37e4aaaf6b93
https://conda.anaconda.org/anaconda/osx-arm64/chromedriver-binary-2.38-hca03da5_0.tar.bz2#8ed4e69dba36fe22fe08375a90c6f611
https://conda.anaconda.org/conda-forge/noarch/fonts-conda-ecosystem-1-0.tar.bz2#fee5683a3f04bd15cbd8318b096a27ab
https://conda.anaconda.org/conda-forge/osx-arm64/gflags-2.2.2-hf9b8971_1005.conda#57a511a5905caa37540eb914dfcbf1fb
https://conda.anaconda.org/conda-forge/osx-arm64/graphite2-1.3.14-hec049ff_2.conda#0fc46fee39e88bbcf5835f71a9d9a209
https://conda.anaconda.org/conda-forge/osx-arm64/lerc-4.0.0-hd64df32_1.conda#a74332d9b60b62905e3d30709df08bf1
https://conda.anaconda.org/conda-forge/osx-arm64/libabseil-20250512.1-cxx17_hd41c47c_0.conda#360dbb413ee2c170a0a684a33c4fc6b8
https://conda.anaconda.org/conda-forge/osx-arm64/libbrotlidec-1.1.0-h6caf38d_4.conda#cb7e7fe96c9eee23a464afd57648d2cd
https://conda.anaconda.org/conda-forge/osx-arm64/libbrotlienc-1.1.0-h6caf38d_4.conda#4ce5651ae5cd6eebc5899f9bfe0eac3c
https://conda.anaconda.org/conda-forge/osx-arm64/libcrc32c-1.1.2-hbdafb3b_0.tar.bz2#32bd82a6a625ea6ce090a81c3d34edeb
https://conda.anaconda.org/conda-forge/osx-arm64/libedit-3.1.20250104-pl5321hafb1f1b_0.conda#44083d2d2c2025afca315c7a172eab2b
https://conda.anaconda.org/conda-forge/osx-arm64/libintl-0.25.1-h493aca8_0.conda#5103f6a6b210a3912faf8d7db516918c
https://conda.anaconda.org/conda-forge/osx-arm64/libpng-1.6.53-hfab5511_0.conda#62b6111feeffe607c3ecc8ca5bd1514b
https://conda.anaconda.org/conda-forge/osx-arm64/libsqlite-3.51.1-h1b79a29_1.conda#8c3951797658e10b610929c3e57e9ad9
https://conda.anaconda.org/conda-forge/osx-arm64/libxcb-1.17.0-hdb1d25a_0.conda#af523aae2eca6dfa1c8eec693f5b9a79
https://conda.anaconda.org/conda-forge/osx-arm64/libxml2-2.13.9-h4a9ca0c_0.conda#763c7e76295bf142145d5821f251b884
https://conda.anaconda.org/conda-forge/osx-arm64/lz4-c-1.10.0-h286801f_1.conda#01511afc6cc1909c5303cf31be17b44f
https://conda.anaconda.org/conda-forge/osx-arm64/openjdk-25.0.1-hde7fb7b_0.conda#1ef116a339b4e49eb54659db80a7cebd
https://conda.anaconda.org/conda-forge/osx-arm64/openssl-3.6.0-h5503f6c_0.conda#b34dc4172653c13dcf453862f251af2b
https://conda.anaconda.org/conda-forge/osx-arm64/pcre2-10.47-h30297fc_0.conda#9b4190c4055435ca3502070186eba53a
https://conda.anaconda.org/conda-forge/osx-arm64/pixman-0.46.4-h81086ad_1.conda#17c3d745db6ea72ae2fce17e7338547f
https://conda.anaconda.org/conda-forge/osx-arm64/qhull-2020.2-h420ef59_5.conda#6483b1f59526e05d7d894e466b5b6924
https://conda.anaconda.org/conda-forge/osx-arm64/readline-8.3-h46df422_0.conda#f8381319127120ce51e081dce4865cf4
https://conda.anaconda.org/conda-forge/osx-arm64/snappy-1.2.2-hada39a4_1.conda#fca4a2222994acd7f691e57f94b750c5
https://conda.anaconda.org/conda-forge/osx-arm64/tk-8.6.13-h892fb3f_3.conda#a73d54a5abba6543cb2f0af1bfbd6851
https://conda.anaconda.org/conda-forge/osx-arm64/zlib-1.3.1-h8359307_2.conda#e3170d898ca6cb48f1bb567afb92f775
https://conda.anaconda.org/conda-forge/osx-arm64/zstd-1.5.7-hbf9d68e_6.conda#ab136e4c34e97f34fb621d2592a393d8
https://conda.anaconda.org/conda-forge/osx-arm64/automake-1.17-pl5321hce30654_0.conda#941a95e6c23a2189c77a3feefdd5d9d7
https://conda.anaconda.org/conda-forge/osx-arm64/aws-c-io-0.22.0-h89d1e94_1.conda#2e51b01a5f52349f51e8e0965f604fe6
https://conda.anaconda.org/conda-forge/osx-arm64/brotli-bin-1.1.0-h6caf38d_4.conda#ab57f389f304c4d2eb86d8ae46d219c3
https://conda.anaconda.org/conda-forge/osx-arm64/glog-0.7.1-heb240a5_0.conda#fef68d0a95aa5b84b5c1a4f6f3bf40e1
https://conda.anaconda.org/conda-forge/osx-arm64/krb5-1.21.3-h237132a_0.conda#c6dc8a0fdec13a0565936655c33069a1
https://conda.anaconda.org/conda-forge/osx-arm64/libevent-2.1.12-h2757513_1.conda#1a109764bff3bdc7bdd84088347d71dc
https://conda.anaconda.org/conda-forge/osx-arm64/libfreetype6-2.14.1-h6da58f4_0.conda#6d4ede03e2a8e20eb51f7f681d2a2550
https://conda.anaconda.org/conda-forge/osx-arm64/libgcc-15.2.0-hcbb3090_16.conda#8b216bac0de7a9d60f3ddeba2515545c
https://conda.anaconda.org/conda-forge/osx-arm64/libglib-2.86.3-hfe11c1f_0.conda#057c7247514048ebdaf89373b263ebee
https://conda.anaconda.org/conda-forge/osx-arm64/libidn2-2.3.8-ha90df94_1.conda#d4b2e2dd2a1a1e2df8b4a3f05034beb4
https://conda.anaconda.org/conda-forge/osx-arm64/libnghttp2-1.67.0-hc438710_0.conda#a4b4dd73c67df470d091312ab87bf6ae
https://conda.anaconda.org/conda-forge/osx-arm64/libprotobuf-6.31.1-h98f38fd_4.conda#8a6b4281c176f1695ae0015f420e6aa9
https://conda.anaconda.org/conda-forge/osx-arm64/libre2-11-2025.11.05-h91c62da_0.conda#060f099756e6baf2ed51b9065e44eda8
https://conda.anaconda.org/conda-forge/osx-arm64/libssh2-1.11.1-h1590b86_0.conda#b68e8f66b94b44aaa8de4583d3d4cc40
https://conda.anaconda.org/conda-forge/osx-arm64/libtiff-4.7.0-ha962b0a_2.conda#8e14b5225c593f099a21971568e6d7b4
https://conda.anaconda.org/conda-forge/osx-arm64/python-3.11.14-h18782d2_2_cpython.conda#da948e6cd735249ab4cfbb3fdede785e
https://conda.anaconda.org/conda-forge/noarch/appdirs-1.4.4-pyhd8ed1ab_1.conda#f4e90937bbfc3a4a92539545a37bb448
https://conda.anaconda.org/conda-forge/noarch/appnope-0.1.4-pyhd8ed1ab_1.conda#54898d0f524c9dee622d44bbb081a8ab
https://conda.anaconda.org/conda-forge/noarch/argparse-dataclass-2.0.0-pyhd8ed1ab_1.conda#3c0e753fd317fa10d34020a2bc8add8e
https://conda.anaconda.org/conda-forge/noarch/asttokens-3.0.1-pyhd8ed1ab_0.conda#9673a61a297b00016442e022d689faa6
https://conda.anaconda.org/conda-forge/osx-arm64/atk-1.0-2.38.0-hd03087b_2.conda#57301986d02d30d6805fdce6c99074ee
https://conda.anaconda.org/conda-forge/noarch/attrs-25.4.0-pyhcf101f3_1.conda#537296d57ea995666c68c821b00e360b
https://conda.anaconda.org/conda-forge/osx-arm64/aws-c-event-stream-0.5.6-hf65d68d_3.conda#6f8e9b398a144ed59b0a0c380e152968
https://conda.anaconda.org/conda-forge/osx-arm64/aws-c-http-0.10.4-h70a9c10_3.conda#39d91ec5c4ac0c0fba2e1c48e383706b
https://conda.anaconda.org/conda-forge/osx-arm64/brotli-1.1.0-h6caf38d_4.conda#ce8659623cea44cc812bc0bfae4041c5
https://conda.anaconda.org/conda-forge/osx-arm64/brotli-python-1.1.0-py311hf719da1_4.conda#4cd43bb7ba1a3cb4cd7a2e335f6d3c32
https://conda.anaconda.org/conda-forge/noarch/cached_property-1.5.2-pyha770c72_1.tar.bz2#576d629e47797577ab0f1b351297ef4a
https://conda.anaconda.org/conda-forge/noarch/certifi-2025.11.12-pyhd8ed1ab_0.conda#96a02a5c1a65470a7e4eedb644c872fd
https://conda.anaconda.org/conda-forge/noarch/charset-normalizer-3.4.4-pyhd8ed1ab_0.conda#a22d1fd9bf98827e280a02875d9a007a
https://conda.anaconda.org/conda-forge/noarch/click-8.3.1-pyh8f84b5b_1.conda#ea8a6c3256897cc31263de9f455e25d9
https://conda.anaconda.org/conda-forge/noarch/cloudpickle-3.1.2-pyhcf101f3_1.conda#61b8078a0905b12529abc622406cb62c
https://conda.anaconda.org/conda-forge/noarch/colorama-0.4.6-pyhd8ed1ab_1.conda#962b9857ee8e7018c22f2776ffa0b2d7
https://conda.anaconda.org/conda-forge/noarch/colorcet-3.1.0-pyhd8ed1ab_1.conda#91d7152c744dc0f18ef8beb3cbc9980a
https://conda.anaconda.org/conda-forge/noarch/comm-0.2.3-pyhe01879c_0.conda#2da13f2b299d8e1995bafbbe9689a2f7
https://conda.anaconda.org/conda-forge/noarch/configargparse-1.7.1-pyhe01879c_0.conda#18dfeef40f049992f4b46b06e6f3b497
https://conda.anaconda.org/conda-forge/noarch/connection_pool-0.0.3-pyhd3deb0d_0.tar.bz2#e270fff08907db8691c02a0eda8d38ae
https://conda.anaconda.org/conda-forge/noarch/cycler-0.12.1-pyhcf101f3_2.conda#4c2a8fef270f6c69591889b93f9f55c1
https://conda.anaconda.org/conda-forge/osx-arm64/cython-3.2.3-py311h8ccca7f_1.conda#2b3050aac16be4936641a9fd642ab6cb
https://conda.anaconda.org/conda-forge/osx-arm64/debugpy-1.8.19-py311hc58e375_0.conda#afe5ca4a03b551d7748da1a559795e01
https://conda.anaconda.org/conda-forge/noarch/decorator-5.2.1-pyhd8ed1ab_0.conda#9ce473d1d1be1cc3810856a48b3fab32
https://conda.anaconda.org/conda-forge/noarch/defusedxml-0.7.1-pyhd8ed1ab_0.tar.bz2#961b3a227b437d82ad7054484cfa71b2
https://conda.anaconda.org/conda-forge/noarch/docutils-0.21.2-pyhd8ed1ab_1.conda#24c1ca34138ee57de72a943237cde4cc
https://conda.anaconda.org/conda-forge/noarch/dpath-2.2.0-pyha770c72_1.conda#7b2af124684a994217e62c641bca2e48
https://conda.anaconda.org/conda-forge/osx-arm64/editdistance-0.6.2-py311h251fd82_3.conda#3472820fa1c4a5ec963df8709e537a36
https://conda.anaconda.org/conda-forge/noarch/executing-2.2.1-pyhd8ed1ab_0.conda#ff9efb7f7469aed3c4a8106ffa29593c
https://conda.anaconda.org/conda-forge/noarch/fsspec-2025.12.0-pyhd8ed1ab_0.conda#a3b9510e2491c20c7fc0f5e730227fbb
https://conda.anaconda.org/conda-forge/osx-arm64/gdk-pixbuf-2.44.1-h7542897_0.conda#3c1e55f893bf4e1442104cd477e4aa26
https://conda.anaconda.org/conda-forge/osx-arm64/glib-tools-2.86.3-hb9d6e3a_0.conda#07cf8a6e2d3f9c25ee3f123bf955b34b
https://conda.anaconda.org/conda-forge/osx-arm64/gts-0.7.6-he42f4ea_4.conda#21b4dd3098f63a74cf2aa9159cbef57d
https://conda.anaconda.org/conda-forge/noarch/hpack-4.1.0-pyhd8ed1ab_0.conda#0a802cb9888dd14eeefc611f05c40b6e
https://conda.anaconda.org/conda-forge/noarch/humanfriendly-10.0-pyh707e725_8.conda#7fe569c10905402ed47024fc481bb371
https://conda.anaconda.org/conda-forge/noarch/hyperframe-6.1.0-pyhd8ed1ab_0.conda#8e6923fc12f1fe8f8c4e5c9f343256ac
https://conda.anaconda.org/conda-forge/noarch/idna-3.11-pyhd8ed1ab_0.conda#53abe63df7e10a6ba605dc5f9f961d36
https://conda.anaconda.org/conda-forge/osx-arm64/immutables-0.21-py311h3696347_2.conda#6400b34ee7db14729e7db4fbe55660ac
https://conda.anaconda.org/conda-forge/noarch/iniconfig-2.3.0-pyhd8ed1ab_0.conda#9614359868482abba1bd15ce465e3c42
https://conda.anaconda.org/conda-forge/noarch/json5-0.12.1-pyhd8ed1ab_0.conda#0fc93f473c31a2f85c0bde213e7c63ca
https://conda.anaconda.org/conda-forge/noarch/jsonpointer-3.0.0-pyhcf101f3_3.conda#cd2214824e36b0180141d422aba01938
https://conda.anaconda.org/conda-forge/noarch/jupyterlab_widgets-3.0.16-pyhcf101f3_1.conda#dbf8b81974504fa51d34e436ca7ef389
https://conda.anaconda.org/conda-forge/osx-arm64/kiwisolver-1.4.9-py311h26d6576_2.conda#37b7d697e320b860ef2d8419714dc6d4
https://conda.anaconda.org/conda-forge/noarch/lark-1.3.1-pyhd8ed1ab_0.conda#9b965c999135d43a3d0f7bd7d024e26a
https://conda.anaconda.org/conda-forge/osx-arm64/lcms2-2.17-h7eeda09_0.conda#92a61fd30b19ebd5c1621a5bfe6d8b5f
https://conda.anaconda.org/conda-forge/osx-arm64/libcurl-8.17.0-hdece5d2_1.conda#1d6e791c6e264ae139d469ce011aab51
https://conda.anaconda.org/conda-forge/osx-arm64/libfreetype-2.14.1-hce30654_0.conda#f35fb38e89e2776994131fbf961fa44b
https://conda.anaconda.org/conda-forge/osx-arm64/libgfortran5-15.2.0-hdae7583_16.conda#265a9d03461da24884ecc8eb58396d57
https://conda.anaconda.org/conda-forge/osx-arm64/libthrift-0.22.0-h14a376c_1.conda#3161023bb2f8c152e4c9aa59bdd40975
https://conda.anaconda.org/conda-forge/osx-arm64/llvmlite-0.46.0-py311h27de090_0.conda#2d29e8972651bb3cb593586becb090bc
https://conda.anaconda.org/conda-forge/noarch/locket-1.0.0-pyhd8ed1ab_0.tar.bz2#91e27ef3d05cc772ce627e51cff111c4
https://conda.anaconda.org/conda-forge/noarch/logistro-2.0.1-pyhcf101f3_0.conda#87437cafadce67e0c0605d3f3e36998a
https://conda.anaconda.org/conda-forge/noarch/logmuse-0.2.8-pyhd8ed1ab_1.conda#7966fa985b84beb9ec674cf123f726f0
https://conda.anaconda.org/bioconda/osx-arm64/mappy-2.30-py311h84f6924_0.tar.bz2#8308b21519cd56bd78731b1c595e72a1
https://conda.anaconda.org/conda-forge/osx-arm64/markupsafe-3.0.3-py311ha9b3269_0.conda#df124303925c7ad5d7eb15179d38c4e3
https://conda.anaconda.org/conda-forge/noarch/mdurl-0.1.2-pyhd8ed1ab_1.conda#592132998493b3ff25fd7479396e8351
https://conda.anaconda.org/bioconda/noarch/munkres-1.0.7-py_1.tar.bz2#783d3baa1b57281daf35ce2a07a86017
https://conda.anaconda.org/conda-forge/noarch/narwhals-2.14.0-pyhcf101f3_0.conda#2708dffa2a43a303f5f9cb020fedb6ab
https://conda.anaconda.org/conda-forge/noarch/natsort-8.4.0-pyh29332c3_1.conda#0aa03903d33997f3886be58abc890aef
https://conda.anaconda.org/conda-forge/noarch/nest-asyncio-1.6.0-pyhd8ed1ab_1.conda#598fd7d4d0de2455fb74f56063969a97
https://conda.anaconda.org/conda-forge/osx-arm64/openjpeg-2.5.3-h889cd5d_1.conda#ab581998c77c512d455a13befcddaac3
https://conda.anaconda.org/conda-forge/osx-arm64/orc-2.2.1-h4fd0076_0.conda#b5dea50c77ab3cc18df48bdc9994ac44
https://conda.anaconda.org/conda-forge/osx-arm64/orjson-3.11.5-py311ha9ac294_0.conda#203e3294a7866b178ba5ac96eedb1c92
https://conda.anaconda.org/conda-forge/noarch/packaging-25.0-pyh29332c3_1.conda#58335b26c38bf4a20f399384c33cbcf9
https://conda.anaconda.org/conda-forge/noarch/pandocfilters-1.5.0-pyhd8ed1ab_0.tar.bz2#457c2c8c08e54905d6954e79cb5b5db9
https://conda.anaconda.org/conda-forge/noarch/param-2.3.1-pyhc455866_0.conda#2e540782a41d649a290659ca8e50fec0
https://conda.anaconda.org/conda-forge/noarch/parso-0.8.5-pyhcf101f3_0.conda#a110716cdb11cf51482ff4000dc253d7
https://conda.anaconda.org/conda-forge/noarch/platformdirs-4.5.1-pyhcf101f3_0.conda#1bd2e65c8c7ef24f4639ae6e850dacc2
https://conda.anaconda.org/conda-forge/noarch/pluggy-1.6.0-pyhf9edf01_1.conda#d7585b6550ad04c8c5e21097ada2888e
https://conda.anaconda.org/conda-forge/noarch/prometheus_client-0.23.1-pyhd8ed1ab_0.conda#a1e91db2d17fd258c64921cb38e6745a
https://conda.anaconda.org/conda-forge/osx-arm64/psutil-7.2.1-py311he363849_0.conda#0ce5afa1058d64953fb531c09fec2a85
https://conda.anaconda.org/conda-forge/noarch/ptyprocess-0.7.0-pyhd8ed1ab_1.conda#7d9daffbb8d8e0af0f769dbbcd173a54
https://conda.anaconda.org/conda-forge/noarch/pure_eval-0.2.3-pyhd8ed1ab_1.conda#3bfdfb8dbcdc4af1ae3f9a8eb3948f04
https://conda.anaconda.org/conda-forge/noarch/pycparser-2.22-pyh29332c3_1.conda#12c566707c80111f9799308d9e265aef
https://conda.anaconda.org/conda-forge/noarch/pygments-2.19.2-pyhd8ed1ab_0.conda#6b6ece66ebcae2d5f326c77ef2c5a066
https://conda.anaconda.org/conda-forge/noarch/pyparsing-3.3.1-pyhcf101f3_0.conda#d837065e4e0de4962c3462079c23f969
https://conda.anaconda.org/conda-forge/noarch/pysocks-1.7.1-pyha55dd90_7.conda#461219d1a5bd61342293efa2c0c90eac
https://conda.anaconda.org/conda-forge/osx-arm64/python-annoy-1.17.3-py311hf719da1_3.conda#1a713b13722193fc2f852df8a6c8b2d7
https://conda.anaconda.org/conda-forge/noarch/python-fastjsonschema-2.21.2-pyhe01879c_0.conda#23029aae904a2ba587daba708208012f
https://conda.anaconda.org/conda-forge/noarch/python-json-logger-2.0.7-pyhd8ed1ab_0.conda#a61bf9ec79426938ff785eb69dbb1960
https://conda.anaconda.org/conda-forge/noarch/python-tzdata-2025.3-pyhd8ed1ab_0.conda#7ead57407430ba33f681738905278d03
https://conda.anaconda.org/conda-forge/noarch/pytz-2025.2-pyhd8ed1ab_0.conda#bc8e3267d44011051f2eb14d22fb0960
https://conda.anaconda.org/conda-forge/osx-arm64/pyyaml-6.0.3-py311ha9b3269_0.conda#109a9c326951cc9ab5df6a06cf5b930a
https://conda.anaconda.org/bioconda/osx-arm64/racon-1.5.0-hda5e58c_8.conda#84e5866cbdea12f6de1ff78960837cc2
https://conda.anaconda.org/conda-forge/osx-arm64/re2-2025.11.05-h64b956e_0.conda#1b35e663ed321840af65e7c5cde419f2
https://conda.anaconda.org/conda-forge/noarch/reretry-0.11.8-pyhd8ed1ab_1.conda#b965b0dfdb3c89966a6a25060f73aa67
https://conda.anaconda.org/conda-forge/noarch/retrying-1.4.2-pyhe01879c_0.conda#128b46a47ea164f9a8659cb6da2f3555
https://conda.anaconda.org/conda-forge/noarch/rfc3986-validator-0.1.1-pyh9f0ad1d_0.tar.bz2#912a71cc01012ee38e6b90ddd561e36f
https://conda.anaconda.org/conda-forge/osx-arm64/rpds-py-0.30.0-py311h71babbd_0.conda#4408829b022e8e0d19365c0c00be00c4
https://conda.anaconda.org/conda-forge/noarch/setuptools-80.9.0-pyhff2d567_0.conda#4de79c071274a53dcaf2a8c749d1499e
https://conda.anaconda.org/conda-forge/noarch/shellingham-1.5.4-pyhd8ed1ab_2.conda#83ea3a2ddb7a75c1b09cea582aa4f106
https://conda.anaconda.org/conda-forge/osx-arm64/simplejson-3.20.2-py311h9408147_1.conda#7bf1e5d8d555a5cc0eafc94524191100
https://conda.anaconda.org/conda-forge/noarch/six-1.17.0-pyhe01879c_1.conda#3339e3b65d58accf4ca4fb8748ab16b3
https://conda.anaconda.org/conda-forge/noarch/slack-sdk-3.39.0-pyhd8ed1ab_0.conda#8fb0b000bb4644b675223dda6bfb135a
https://conda.anaconda.org/conda-forge/noarch/smmap-5.0.2-pyhd8ed1ab_0.conda#87f47a78808baf2fa1ea9c315a1e48f1
https://conda.anaconda.org/conda-forge/noarch/sniffio-1.3.1-pyhd8ed1ab_2.conda#03fe290994c5e4ec17293cfb6bdce520
https://conda.anaconda.org/conda-forge/noarch/sortedcontainers-2.4.0-pyhd8ed1ab_1.conda#0401a17ae845fa72c7210e206ec5647d
https://conda.anaconda.org/conda-forge/noarch/soupsieve-2.8.1-pyhd8ed1ab_0.conda#7de28c27fe620a4f7dbfaea137c6232b
https://conda.anaconda.org/conda-forge/noarch/tabulate-0.9.0-pyhcf101f3_3.conda#de98449f11d48d4b52eefb354e2bfe35
https://conda.anaconda.org/conda-forge/noarch/threadpoolctl-3.6.0-pyhecae5ae_0.conda#9d64911b31d57ca443e9f1e36b04385f
https://conda.anaconda.org/conda-forge/noarch/throttler-1.2.2-pyhd8ed1ab_0.conda#6fc48bef3b400c82abaee323a9d4e290
https://conda.anaconda.org/conda-forge/noarch/tomli-2.3.0-pyhcf101f3_0.conda#d2732eb636c264dc9aa4cbee404b1a53
https://conda.anaconda.org/conda-forge/noarch/toolz-1.1.0-pyhd8ed1ab_1.conda#c07a6153f8306e45794774cf9b13bd32
https://conda.anaconda.org/conda-forge/osx-arm64/tornado-6.5.4-py311h9408147_0.conda#df911f6f4b283ce96679e1031a8ff530
https://conda.anaconda.org/conda-forge/noarch/traitlets-5.14.3-pyhd8ed1ab_1.conda#019a7385be9af33791c989871317e1ed
https://conda.anaconda.org/conda-forge/noarch/typing_extensions-4.15.0-pyhcf101f3_0.conda#0caa1af407ecff61170c9437a808404d
https://conda.anaconda.org/conda-forge/noarch/typing_utils-0.1.0-pyhd8ed1ab_1.conda#f6d7aa696c67756a650e91e15e88223c
https://conda.anaconda.org/conda-forge/noarch/uc-micro-py-1.0.3-pyhd8ed1ab_1.conda#9c96c9876ba45368a03056ddd0f20431
https://conda.anaconda.org/bioconda/noarch/umicollapse-1.1.0-hdfd78af_0.tar.bz2#af7812923eec7ffc3238c200098f07da
https://conda.anaconda.org/conda-forge/osx-arm64/unicodedata2-17.0.0-py311h9408147_1.conda#a1d9fe82627b095af51c65e0fff3dbf4
https://conda.anaconda.org/conda-forge/noarch/uri-template-1.3.0-pyhd8ed1ab_1.conda#e7cb0f5745e4c5035a460248334af7eb
https://conda.anaconda.org/conda-forge/noarch/wcwidth-0.2.14-pyhd8ed1ab_0.conda#7e1e5ff31239f9cd5855714df8a3783d
https://conda.anaconda.org/conda-forge/noarch/webcolors-25.10.0-pyhd8ed1ab_0.conda#6639b6b0d8b5a284f027a2003669aa65
https://conda.anaconda.org/conda-forge/noarch/webencodings-0.5.1-pyhd8ed1ab_3.conda#2841eb5bfc75ce15e9a0054b98dcd64d
https://conda.anaconda.org/conda-forge/noarch/websocket-client-1.9.0-pyhd8ed1ab_0.conda#2f1ed718fcd829c184a6d4f0f2e07409
https://conda.anaconda.org/conda-forge/osx-arm64/wget-1.21.4-he2df1f1_0.conda#c56417aa2d4f73708bf453cfc295a25d
https://conda.anaconda.org/conda-forge/noarch/wheel-0.45.1-pyhd8ed1ab_1.conda#75cb7132eb58d97896e173ef12ac9986
https://conda.anaconda.org/conda-forge/noarch/widgetsnbextension-4.0.15-pyhd8ed1ab_0.conda#dc257b7e7cad9b79c1dfba194e92297b
https://conda.anaconda.org/conda-forge/osx-arm64/wrapt-1.17.3-py311h3696347_1.conda#a2f91e76263f4b55cca328110ef4d50b
https://conda.anaconda.org/conda-forge/noarch/xyzservices-2025.11.0-pyhd8ed1ab_0.conda#16933322051fa260285f1a44aae91dd6
https://conda.anaconda.org/conda-forge/osx-arm64/zeromq-4.3.5-h888dc83_9.conda#26f39dfe38a2a65437c29d69906a0f68
https://conda.anaconda.org/conda-forge/noarch/zipp-3.23.0-pyhcf101f3_1.conda#30cd29cb87d819caead4d55184c1d115
https://conda.anaconda.org/conda-forge/noarch/amply-0.1.6-pyhd8ed1ab_1.conda#5a81866192811f3a0827f5f93e589f02
https://conda.anaconda.org/conda-forge/noarch/async-lru-2.0.5-pyh29332c3_0.conda#d9d0f99095a9bb7e3641bca8c6ad2ac7
https://conda.anaconda.org/conda-forge/osx-arm64/aws-c-auth-0.9.1-h41ebd0a_3.conda#c011208b4dd96a573efb00805ffae8b1
https://conda.anaconda.org/conda-forge/osx-arm64/aws-c-mqtt-0.13.3-he7b126b_6.conda#ff984f7e551996b8624a38b69b81e068
https://conda.anaconda.org/conda-forge/osx-arm64/azure-core-cpp-1.16.0-h88fedcc_1.conda#3633a96ad986211071b6f4e1884fa187
https://conda.anaconda.org/conda-forge/noarch/babel-2.17.0-pyhd8ed1ab_0.conda#0a01c169f0ab0f91b26e77a3301fbfe4
https://conda.anaconda.org/conda-forge/noarch/bleach-6.3.0-pyhcf101f3_0.conda#b1a27250d70881943cca0dd6b4ba0956
https://conda.anaconda.org/conda-forge/noarch/cached-property-1.5.2-hd8ed1ab_1.tar.bz2#9b347a7ec10940d3f7941ff6c460b551
https://conda.anaconda.org/conda-forge/osx-arm64/cffi-2.0.0-py311hd10dc20_1.conda#4d7f6780e36f18e7601811dddf3bbec5
https://conda.anaconda.org/conda-forge/noarch/choreographer-1.2.1-pyhcf101f3_0.conda#11a8c8e969a60ce8a78c1c4c9247e5f6
https://conda.anaconda.org/conda-forge/noarch/coloredlogs-15.0.1-pyhd8ed1ab_4.conda#b866ff7007b934d564961066c8195983
https://conda.anaconda.org/conda-forge/noarch/conda-inject-1.3.2-pyhd8ed1ab_0.conda#e52c2a160d6bd0649c9fafdf0c813357
https://conda.anaconda.org/conda-forge/noarch/exceptiongroup-1.3.1-pyhd8ed1ab_0.conda#8e662bd460bda79b1ea39194e3c4c9ab
https://conda.anaconda.org/conda-forge/osx-arm64/fonttools-4.61.1-py311ha9b3269_0.conda#1cd0bcb3eee550d601c84b28b7df1ac3
https://conda.anaconda.org/conda-forge/osx-arm64/freetype-2.14.1-hce30654_0.conda#1ec9a1ee7a2c9339774ad9bb6fe6caec
https://conda.anaconda.org/conda-forge/noarch/gitdb-4.0.12-pyhd8ed1ab_0.conda#7c14f3706e099f8fcd47af2d494616cc
https://conda.anaconda.org/conda-forge/noarch/h11-0.16.0-pyhd8ed1ab_0.conda#4b69232755285701bc86a5afe4d9933a
https://conda.anaconda.org/conda-forge/noarch/h2-4.3.0-pyhcf101f3_0.conda#164fc43f0b53b6e3a7bc7dce5e4f1dc9
https://conda.anaconda.org/conda-forge/noarch/importlib-metadata-8.7.0-pyhe01879c_1.conda#63ccfdc3a3ce25b027b8767eb722fca8
https://conda.anaconda.org/conda-forge/noarch/importlib_resources-6.5.2-pyhd8ed1ab_0.conda#c85c76dc67d75619a92f51dfbce06992
https://conda.anaconda.org/conda-forge/noarch/ipython_pygments_lexers-1.1.1-pyhd8ed1ab_0.conda#bd80ba060603cc228d9d81c257093119
https://conda.anaconda.org/conda-forge/noarch/jedi-0.19.2-pyhd8ed1ab_1.conda#a4f4c5dc9b80bc50e0d3dc4e6e8f1bd9
https://conda.anaconda.org/conda-forge/noarch/jinja2-3.1.6-pyhcf101f3_1.conda#04558c96691bed63104678757beb4f8d
https://conda.anaconda.org/conda-forge/noarch/joblib-1.5.3-pyhd8ed1ab_0.conda#615de2a4d97af50c350e5cf160149e77
https://conda.anaconda.org/conda-forge/noarch/jupyter_core-5.9.1-pyhc90fa1f_0.conda#b38fe4e78ee75def7e599843ef4c1ab0
https://conda.anaconda.org/conda-forge/noarch/jupyterlab_pygments-0.3.0-pyhd8ed1ab_2.conda#fd312693df06da3578383232528c468d
https://conda.anaconda.org/conda-forge/osx-arm64/libgfortran-15.2.0-h07b0088_16.conda#11e09edf0dde4c288508501fe621bab4
https://conda.anaconda.org/conda-forge/osx-arm64/libgrpc-1.73.1-h3063b79_1.conda#f5856b3b9dae4463348a7ec23c1301f2
https://conda.anaconda.org/conda-forge/noarch/linkify-it-py-2.0.3-pyhd8ed1ab_1.conda#b02fe519b5dc0dc55e7299810fcdfb8e
https://conda.anaconda.org/conda-forge/noarch/markdown-it-py-4.0.0-pyhd8ed1ab_0.conda#5b5203189eb668f042ac2b0826244964
https://conda.anaconda.org/conda-forge/noarch/matplotlib-inline-0.2.1-pyhd8ed1ab_0.conda#00e120ce3e40bad7bfc78861ce3c4a25
https://conda.anaconda.org/conda-forge/noarch/mistune-3.2.0-pyhcf101f3_0.conda#b11e360fc4de2b0035fc8aaa74f17fd6
https://conda.anaconda.org/conda-forge/noarch/multipledispatch-0.6.0-pyhd8ed1ab_1.conda#121a57fce7fff0857ec70fa03200962f
https://conda.anaconda.org/conda-forge/noarch/outcome-1.3.0.post0-pyhd8ed1ab_1.conda#36291eb9e4b0f61448ca1c47117f1cb5
https://conda.anaconda.org/conda-forge/noarch/overrides-7.7.0-pyhd8ed1ab_1.conda#e51f1e4089cad105b6cac64bd8166587
https://conda.anaconda.org/conda-forge/noarch/partd-1.4.2-pyhd8ed1ab_0.conda#0badf9c54e24cecfb0ad2f99d680c163
https://conda.anaconda.org/conda-forge/noarch/pexpect-4.9.0-pyhd8ed1ab_1.conda#d0d408b1f18883a944376da5cf8101ea
https://conda.anaconda.org/conda-forge/osx-arm64/pillow-11.3.0-py311h1f9957d_3.conda#2f097ccfbbcd052bb7f876f4dbcf821d
https://conda.anaconda.org/conda-forge/noarch/pip-25.3-pyh8b19718_0.conda#c55515ca43c6444d2572e0f0d93cb6b9
https://conda.anaconda.org/conda-forge/noarch/plotly-6.5.0-pyhd8ed1ab_0.conda#6d4c79b604d50c1140c32164f7eca72a
https://conda.anaconda.org/conda-forge/osx-arm64/prometheus-cpp-1.3.0-h0967b3e_0.conda#7172339b49c94275ba42fec3eaeda34f
https://conda.anaconda.org/conda-forge/noarch/prompt-toolkit-3.0.52-pyha770c72_0.conda#edb16f14d920fb3faf17f5ce582942d6
https://conda.anaconda.org/conda-forge/osx-arm64/pyobjc-core-12.1-py311hce6e4fa_0.conda#812e22c5c7859e719ec225ece0c6f2c1
https://conda.anaconda.org/bioconda/osx-arm64/pysam-0.23.3-py311h0b322ec_1.tar.bz2#898697918294ddbd9377e269165addfe
https://conda.anaconda.org/conda-forge/noarch/python-dateutil-2.9.0.post0-pyhe01879c_2.conda#5b8d21249ff20967101ffa321cab24e8
https://conda.anaconda.org/conda-forge/noarch/pyviz_comms-3.0.6-pyhd8ed1ab_0.conda#e0f2c3ecb4dc40d031bbe88869a2a7a1
https://conda.anaconda.org/conda-forge/osx-arm64/pyzmq-27.1.0-py311h13abfa4_0.conda#0d16883d4ab2d3fcb38460d018d6762f
https://conda.anaconda.org/conda-forge/noarch/referencing-0.37.0-pyhcf101f3_0.conda#870293df500ca7e18bedefa5838a22ab
https://conda.anaconda.org/conda-forge/noarch/rfc3339-validator-0.1.4-pyhd8ed1ab_1.conda#36de09a8d3e5d5e6f4ee63af49e59706
https://conda.anaconda.org/conda-forge/noarch/rfc3987-syntax-1.1.0-pyhe01879c_1.conda#7234f99325263a5af6d4cd195035e8f2
https://conda.anaconda.org/conda-forge/noarch/slack_sdk-3.39.0-hd8ed1ab_0.conda#a672233d71f5a59931f2f65e420b1f93
https://conda.anaconda.org/conda-forge/noarch/smart_open-7.5.0-pyhcf101f3_0.conda#9d1659c8332e9822e347e115e6bb4d0c
https://conda.anaconda.org/bioconda/noarch/snakemake-interface-common-1.22.0-pyhd4c3c12_0.conda#e9bb00d8c7d26a5cd220d3d73bee45fb
https://conda.anaconda.org/conda-forge/noarch/stack_data-0.6.3-pyhd8ed1ab_1.conda#b1b505328da7a6b246787df4b5a49fbc
https://conda.anaconda.org/conda-forge/noarch/terminado-0.18.1-pyhc90fa1f_1.conda#17b43cee5cc84969529d5d0b0309b2cb
https://conda.anaconda.org/conda-forge/noarch/tinycss2-1.5.1-pyhcf101f3_0.conda#c0d0b883e97906f7524e2aac94be0e0d
https://conda.anaconda.org/conda-forge/noarch/tqdm-4.67.1-pyhd8ed1ab_1.conda#9efbfdc37242619130ea42b1cc4ed861
https://conda.anaconda.org/conda-forge/noarch/typer-slim-0.21.0-pyhcf101f3_0.conda#1bf7599d9f131a06288a2173284b1e4f
https://conda.anaconda.org/conda-forge/noarch/typing-extensions-4.15.0-h396c80c_0.conda#edd329d7d3a4ab45dcf905899a7a6115
https://conda.anaconda.org/conda-forge/noarch/typing-inspection-0.4.2-pyhd8ed1ab_1.conda#a0a4a3035667fc34f29bfbd5c190baa6
https://conda.anaconda.org/conda-forge/noarch/yte-1.9.4-pyhd8ed1ab_0.conda#89d5edf5d52d3bc1ed4d7d3feef508ba
https://conda.anaconda.org/conda-forge/noarch/annotated-types-0.7.0-pyhd8ed1ab_1.conda#2934f256a8acfe48f6ebb4fce6cde29c
https://conda.anaconda.org/conda-forge/noarch/anyio-4.12.0-pyhcf101f3_0.conda#9958d4a1ee7e9c768fe8f4fb51bd07ea
https://conda.anaconda.org/conda-forge/osx-arm64/argon2-cffi-bindings-25.1.0-py311h9408147_2.conda#501c2a606787bcd55b9ddee776208333
https://conda.anaconda.org/conda-forge/noarch/arrow-1.4.0-pyhcf101f3_0.conda#85c4f19f377424eafc4ed7911b291642
https://conda.anaconda.org/conda-forge/osx-arm64/aws-c-s3-0.8.6-h7a3c519_5.conda#c33295f9e4a4bdb0d6e08e0d242599b0
https://conda.anaconda.org/conda-forge/osx-arm64/azure-identity-cpp-1.12.0-hd83eed2_0.conda#78ac8ce287aef15f819c2927e0fc29c6
https://conda.anaconda.org/conda-forge/osx-arm64/azure-storage-common-cpp-12.10.0-h12fd690_2.conda#9be5f38d5306ac1069fcf3818549d56c
https://conda.anaconda.org/conda-forge/noarch/beautifulsoup4-4.14.3-pyha770c72_0.conda#5267bef8efea4127aacd1f4e1f149b6e
https://conda.anaconda.org/conda-forge/noarch/bleach-with-css-6.3.0-h5f6438b_0.conda#08a03378bc5293c6f97637323802f480
https://conda.anaconda.org/conda-forge/noarch/dask-core-2025.12.0-pyhcf101f3_1.conda#cc7b371edd70319942c802c7d828a428
https://conda.anaconda.org/conda-forge/osx-arm64/fontconfig-2.15.0-h1383a14_1.conda#7b29f48742cea5d1ccb5edd839cb5621
https://conda.anaconda.org/conda-forge/noarch/fqdn-1.5.1-pyhd8ed1ab_1.conda#d3549fd50d450b6d9e7dddff25dd2110
https://conda.anaconda.org/conda-forge/noarch/gitpython-3.1.45-pyhff2d567_0.conda#b91d463ea8be13bcbe644ae8bc99c39f
https://conda.anaconda.org/conda-forge/noarch/ipython-9.8.0-pyh53cf698_0.conda#fd77b1039118a3e8ce1070ac8ed45bae
https://conda.anaconda.org/conda-forge/noarch/jsonschema-specifications-2025.9.1-pyhcf101f3_0.conda#439cd0f567d697b20a8f45cb70a1005a
https://conda.anaconda.org/conda-forge/noarch/jupyter_client-8.7.0-pyhcf101f3_0.conda#1b0397a7b1fbffa031feb690b5fd0277
https://conda.anaconda.org/conda-forge/noarch/jupyter_server_terminals-0.5.3-pyhd8ed1ab_1.conda#2d983ff1b82a1ccb6f2e9d8784bdd6bd
https://conda.anaconda.org/conda-forge/osx-arm64/libgoogle-cloud-2.39.0-head0a95_0.conda#ad7272a081abe0966d0297691154eda5
https://conda.anaconda.org/conda-forge/osx-arm64/libopenblas-0.3.30-openmp_ha158390_3.conda#a18a7f471c517062ee71b843ef95eb8a
https://conda.anaconda.org/conda-forge/osx-arm64/libopentelemetry-cpp-1.21.0-he15edb5_1.conda#cbcea547d6d831863ab0a4e164099062
https://conda.anaconda.org/conda-forge/noarch/markdown-3.10-pyhcf101f3_1.conda#934afb77580165027b869d4104ee002f
https://conda.anaconda.org/conda-forge/noarch/mdit-py-plugins-0.5.0-pyhd8ed1ab_0.conda#1997a083ef0b4c9331f9191564be275e
https://conda.anaconda.org/conda-forge/noarch/prompt_toolkit-3.0.52-hd8ed1ab_0.conda#6d034d3a6093adbba7b24cb69c8c621e
https://conda.anaconda.org/conda-forge/osx-arm64/pydantic-core-2.41.5-py311h71babbd_1.conda#1cde74932ed3f0472c89406f1b8df631
https://conda.anaconda.org/conda-forge/osx-arm64/pyobjc-framework-cocoa-12.1-py311h9049b8e_0.conda#b215a767b5ef6f16347cacebc409e66b
https://conda.anaconda.org/conda-forge/noarch/pytest-9.0.2-pyhcf101f3_0.conda#2b694bad8a50dc2f712f5368de866480
https://conda.anaconda.org/conda-forge/noarch/rich-14.2.0-pyhcf101f3_0.conda#a247579d8a59931091b16a1e932bbed6
https://conda.anaconda.org/bioconda/noarch/snakemake-interface-executor-plugins-9.3.9-pyhdfd78af_0.tar.bz2#e75b9c422bcc3c9b52679dedb84f3b71
https://conda.anaconda.org/bioconda/noarch/snakemake-interface-logger-plugins-2.0.0-pyhd4c3c12_0.conda#98f75f2ca3a222992e2230d7afc54bb8
https://conda.anaconda.org/bioconda/noarch/snakemake-interface-report-plugins-1.3.0-pyhd4c3c12_0.conda#e6fd8cfb23b294da699e395dbc968d11
https://conda.anaconda.org/bioconda/noarch/snakemake-interface-scheduler-plugins-2.0.2-pyhd4c3c12_0.conda#1500fccf5e46c7f91d14925449ff3632
https://conda.anaconda.org/bioconda/noarch/snakemake-interface-storage-plugins-4.3.2-pyhd4c3c12_0.conda#b894c6a2d0612da952c9989ac7a22d16
https://conda.anaconda.org/conda-forge/osx-arm64/trio-0.32.0-py311hf339f9d_1.conda#5398354e96219825a3b593062e670920
https://conda.anaconda.org/conda-forge/noarch/wsproto-1.3.2-pyhd8ed1ab_0.conda#37296f462da2870694aff84a01625ba5
https://conda.anaconda.org/conda-forge/osx-arm64/zstandard-0.25.0-py311h5bb9006_1.conda#651594b8f9b9cccc5948287a18903c34
https://conda.anaconda.org/conda-forge/noarch/argon2-cffi-25.1.0-pyhd8ed1ab_0.conda#8ac12aff0860280ee0cff7fa2cf63f3b
https://conda.anaconda.org/conda-forge/osx-arm64/aws-crt-cpp-0.34.4-h01415d0_0.conda#034456ff7a54b8d8e505cfd9b17005fd
https://conda.anaconda.org/conda-forge/osx-arm64/azure-storage-blobs-cpp-12.14.0-he094cc7_1.conda#496217fd6aaa6d43646252a586c1445c
https://conda.anaconda.org/conda-forge/osx-arm64/cairo-1.18.4-h6a3b0d2_0.conda#38f6df8bc8c668417b904369a01ba2e2
https://conda.anaconda.org/conda-forge/noarch/httpcore-1.0.9-pyh29332c3_0.conda#4f14640d58e2cc0aa0819d9d8ba125bb
https://conda.anaconda.org/conda-forge/noarch/ipykernel-7.1.0-pyh5552912_0.conda#1849eec35b60082d2bd66b4e36dec2b6
https://conda.anaconda.org/conda-forge/noarch/ipywidgets-8.1.8-pyhd8ed1ab_0.conda#d68e3f70d1f068f1b66d94822fdc644e
https://conda.anaconda.org/conda-forge/noarch/isoduration-20.11.0-pyhd8ed1ab_1.conda#0b0154421989637d424ccf0f104be51a
https://conda.anaconda.org/conda-forge/noarch/jsonschema-4.25.1-pyhe01879c_0.conda#341fd940c242cf33e832c0402face56f
https://conda.anaconda.org/conda-forge/osx-arm64/libblas-3.11.0-5_h51639a9_openblas.conda#bcc025e2bbaf8a92982d20863fe1fb69
https://conda.anaconda.org/conda-forge/osx-arm64/libgd-2.3.3-hb2c3a21_11.conda#4581aa3cfcd1a90967ed02d4a9f3db4b
https://conda.anaconda.org/conda-forge/osx-arm64/libgoogle-cloud-storage-2.39.0-hfa3a374_0.conda#147a468b9b6c3ced1fccd69b864ae289
https://conda.anaconda.org/conda-forge/noarch/py3dmol-2.5.3-pyhd8ed1ab_0.conda#30fca14f1e173362181c31a96c8cd99d
https://conda.anaconda.org/conda-forge/noarch/pydantic-2.12.5-pyhcf101f3_1.conda#c3946ed24acdb28db1b5d63321dbca7d
https://conda.anaconda.org/conda-forge/noarch/pytest-timeout-2.4.0-pyhd8ed1ab_0.conda#52a50ca8ea1b3496fbd3261bea8c5722
https://conda.anaconda.org/conda-forge/noarch/send2trash-1.8.3-pyh31c8845_1.conda#e67b1b1fa7a79ff9e8e326d0caf55854
https://conda.anaconda.org/conda-forge/noarch/trio-websocket-0.12.2-pyh29332c3_0.conda#9bb27d491b0dc9ed94ecfee8490bc0e7
https://conda.anaconda.org/conda-forge/noarch/typer-slim-standard-0.21.0-hd63da06_0.conda#b9b9911609c8371886a79e8fdccaff0f
https://conda.anaconda.org/conda-forge/noarch/urllib3-2.5.0-pyhd8ed1ab_0.conda#436c165519e140cb08d246a4472a9d6a
https://conda.anaconda.org/conda-forge/noarch/veracitools-0.1.3-py_0.tar.bz2#f2c8d44ea78cf639ab4810aedba43ab5
https://conda.anaconda.org/conda-forge/osx-arm64/aws-sdk-cpp-1.11.606-h2169b1b_4.conda#0871f2fc2273bfd84c4e40d0604949ed
https://conda.anaconda.org/conda-forge/osx-arm64/azure-storage-files-datalake-cpp-12.12.0-h30213e0_3.conda#ee25593a451954f56a58eda1ad4bda07
https://conda.anaconda.org/conda-forge/osx-arm64/harfbuzz-12.2.0-haf38c7b_0.conda#1c7ff9d458dd8220ac2ee71dd4af1be5
https://conda.anaconda.org/conda-forge/noarch/httpx-0.28.1-pyhd8ed1ab_0.conda#d6989ead454181f4f9bc987d3dc4e285
https://conda.anaconda.org/conda-forge/noarch/jsonschema-with-format-nongpl-4.25.1-he01879c_0.conda#13e31c573c884962318a738405ca3487
https://conda.anaconda.org/conda-forge/noarch/jupyter_console-6.6.3-pyhd8ed1ab_1.conda#801dbf535ec26508fac6d4b24adfb76e
https://conda.anaconda.org/conda-forge/osx-arm64/libcblas-3.11.0-5_hb0561ab_openblas.conda#efd8bd15ca56e9d01748a3beab8404eb
https://conda.anaconda.org/conda-forge/osx-arm64/liblapack-3.11.0-5_hd9741b5_openblas.conda#ca9d752201b7fa1225bca036ee300f2b
https://conda.anaconda.org/conda-forge/noarch/nbformat-5.10.4-pyhd8ed1ab_1.conda#bbe1963f1e47f594070ffe87cdf612ea
https://conda.anaconda.org/conda-forge/noarch/python-kaleido-1.2.0-pyhcf101f3_0.conda#fab666407b4ef9b62ae27f0a01d11e32
https://conda.anaconda.org/conda-forge/noarch/requests-2.32.5-pyhcf101f3_1.conda#c65df89a0b2e321045a9e01d1337b182
https://conda.anaconda.org/conda-forge/noarch/selenium-4.38.0-pyhcf101f3_0.conda#778b2488c9b2815f956dfbf99d05e458
https://conda.anaconda.org/conda-forge/noarch/typer-0.21.0-pyhbb89825_0.conda#053a45ad64fe08064eff395e4532673f
https://conda.anaconda.org/conda-forge/noarch/ubiquerg-0.8.0-pyhd8ed1ab_0.conda#41408dc37271d5d0f99e2e10336cf40d
https://conda.anaconda.org/conda-forge/osx-arm64/coin-or-utils-2.11.12-hbea9910_7.conda#734bf2626447a4dfc6c5ded5279758fc
https://conda.anaconda.org/conda-forge/noarch/jupyter_events-0.12.0-pyh29332c3_0.conda#f56000b36f09ab7533877e695e4e8cb0
https://conda.anaconda.org/conda-forge/osx-arm64/libarrow-21.0.0-hd43feaf_8_cpu.conda#92d5cc7e1d494aeb82db5b2faa33b28c
https://conda.anaconda.org/conda-forge/osx-arm64/liblapacke-3.11.0-5_h1b118fd_openblas.conda#f77f540d134d9edec0dbf69dba56a4ad
https://conda.anaconda.org/conda-forge/noarch/nbclient-0.10.4-pyhd8ed1ab_0.conda#00f5b8dafa842e0c27c1cd7296aa4875
https://conda.anaconda.org/conda-forge/osx-arm64/numpy-2.3.5-py311had1e860_1.conda#4fbf355f73e5bf2306472e99f40d3ed4
https://conda.anaconda.org/conda-forge/osx-arm64/pango-1.56.4-h875632e_0.conda#7d57f8b4b7acfc75c777bc231f0d31be
https://conda.anaconda.org/conda-forge/noarch/pyct-0.6.0-pyhd8ed1ab_0.conda#9d19c7ea78d067fbbaa2317a85f844e7
https://conda.anaconda.org/conda-forge/osx-arm64/biopython-1.86-py311h9408147_0.conda#8a857c277d6c31a2c8cfe1785a8a45d1
https://conda.anaconda.org/conda-forge/osx-arm64/coin-or-osi-0.108.11-ha2b0f8f_8.conda#57ecf4592cfcb8fc5806f3ddd241f5fe
https://conda.anaconda.org/conda-forge/osx-arm64/contourpy-1.3.3-py311h5a5e7c7_3.conda#ee7f010da41a954ef6910fd31798305c
https://conda.anaconda.org/conda-forge/osx-arm64/gtk3-3.24.43-he7bb075_4.conda#a01d2dd60413e43f581445d1b2ed8d5d
https://conda.anaconda.org/conda-forge/osx-arm64/libarrow-compute-21.0.0-h75845d1_8_cpu.conda#528408dfe0c6a053360ceb8bfa468100
https://conda.anaconda.org/conda-forge/osx-arm64/libparquet-21.0.0-h45c8936_8_cpu.conda#1225311b8705c89c676a382da38865e4
https://conda.anaconda.org/conda-forge/osx-arm64/librsvg-2.58.4-h266df6f_3.conda#95d6ad8fb7a2542679c08ce52fafbb6c
https://conda.anaconda.org/conda-forge/noarch/nbconvert-core-7.16.6-pyhcf101f3_1.conda#cfc86ccc3b1de35d36ccaae4c50391f5
https://conda.anaconda.org/conda-forge/osx-arm64/numba-0.63.1-py311had9367a_0.conda#c05f68b104c8a09823bc2b4b32e9d523
https://conda.anaconda.org/conda-forge/osx-arm64/pandas-2.3.3-py311hdb8e4fa_2.conda#da2e5c7c0a3061398c8a1e225f2e339e
https://conda.anaconda.org/conda-forge/noarch/patsy-1.0.2-pyhcf101f3_0.conda#8678577a52161cc4e1c93fcc18e8a646
https://conda.anaconda.org/conda-forge/osx-arm64/scipy-1.16.3-py311ha71c161_2.conda#1283a5d5d1c10e981638d2bd02c4eac6
https://conda.anaconda.org/conda-forge/noarch/adwaita-icon-theme-49.0-unix_0.conda#b3f0179590f3c0637b7eb5309898f79e
https://conda.anaconda.org/conda-forge/noarch/bokeh-3.8.1-pyhd8ed1ab_0.conda#f301f72474b91f1f83d42bcc7d81ce09
https://conda.anaconda.org/conda-forge/osx-arm64/coin-or-clp-1.17.10-ha5fe85a_3.conda#f1c94cb2a0b489a8561e92969c08d57f
https://conda.anaconda.org/conda-forge/noarch/jupyter_server-2.17.0-pyhcf101f3_0.conda#d79a87dcfa726bcea8e61275feed6f83
https://conda.anaconda.org/conda-forge/noarch/keras-preprocessing-1.1.2-pyhd8ed1ab_1.conda#3fa7d98a26c219c07453ffe5cf203fd1
https://conda.anaconda.org/conda-forge/osx-arm64/libarrow-acero-21.0.0-hc317990_8_cpu.conda#fedb5f48e5a038146af8cfcb11de5879
https://conda.anaconda.org/conda-forge/osx-arm64/matplotlib-base-3.10.8-py311h29553df_0.conda#dd155e8d4eeba4e1e096947abc996ddd
https://conda.anaconda.org/bioconda/noarch/nanoget-1.19.4-pyhdfd78af_0.conda#1754eebc26ad86c4ac1f30528c74a13f
https://conda.anaconda.org/conda-forge/osx-arm64/pyarrow-core-21.0.0-py311hf3e52b4_1_cpu.conda#44d633bf1abbec6b3016971e790539ed
https://conda.anaconda.org/conda-forge/osx-arm64/scikit-learn-1.8.0-np2py311hf1dd2ad_1.conda#24bb0e8dc548b8856bfc6a76724e6c15
https://conda.anaconda.org/conda-forge/osx-arm64/statsmodels-0.14.6-py311h09efe57_0.conda#0add168f6a2b13e2de9cefef01889f3b
https://conda.anaconda.org/conda-forge/noarch/xarray-2025.12.0-pyhcf101f3_0.conda#efdb3ef0ff549959650ef070ba2c52d2
https://conda.anaconda.org/conda-forge/osx-arm64/coin-or-cgl-0.60.9-h24d7dbf_6.conda#6471c23e2a4d037d30eddbdbcb31fe11
https://conda.anaconda.org/conda-forge/noarch/datashader-0.18.2-pyhd8ed1ab_0.conda#7202ca262fc28025443238271066d88b
https://conda.anaconda.org/conda-forge/osx-arm64/graphviz-13.1.2-hcd33d8b_0.conda#81ab85a5a8481667660c7ce6e84bd681
https://conda.anaconda.org/conda-forge/noarch/jupyter-lsp-2.3.0-pyhcf101f3_0.conda#62b7c96c6cd77f8173cc5cada6a9acaa
https://conda.anaconda.org/conda-forge/noarch/jupyter_bokeh-4.0.5-pyhd8ed1ab_1.conda#ffaa7f642a00edf0be1bb3ff7306cc52
https://conda.anaconda.org/conda-forge/noarch/jupyterlab_server-2.28.0-pyhcf101f3_0.conda#a63877cb23de826b1620d3adfccc4014
https://conda.anaconda.org/conda-forge/osx-arm64/libarrow-dataset-21.0.0-hc317990_8_cpu.conda#0baa7e03e0bf1f00d436c3a8e2656464
https://conda.anaconda.org/conda-forge/noarch/notebook-shim-0.2.4-pyhd8ed1ab_1.conda#e7f89ea5f7ea9401642758ff50a2d9c1
https://conda.anaconda.org/conda-forge/noarch/pacmap-0.8.0-pyhd8ed1ab_1.conda#20defb17548d66a65e0485d60ba8f0f3
https://conda.anaconda.org/conda-forge/noarch/panel-1.8.4-pyhd8ed1ab_0.conda#21ea0d8c12557ab92d19f484c2ea76a4
https://conda.anaconda.org/conda-forge/osx-arm64/coin-or-cbc-2.10.12-h0c75da4_4.conda#3795d77c93c3b02009f6bbc4b2c8e1aa
https://conda.anaconda.org/conda-forge/noarch/holoviews-1.22.1-pyhd8ed1ab_0.conda#32bc3daa3fa9619d84e634b4515f564a
https://conda.anaconda.org/conda-forge/noarch/jupyterlab-4.5.1-pyhd8ed1ab_0.conda#f8e8f8db45e1a946ce9b20b0f60b3111
https://conda.anaconda.org/conda-forge/osx-arm64/libarrow-substrait-21.0.0-h144af7f_8_cpu.conda#789bcc687969e48a482ed931d9fb0509
https://conda.anaconda.org/conda-forge/noarch/hvplot-0.12.2-pyhd8ed1ab_0.conda#a3ebf00cb037e464061fcf68a5a75d83
https://conda.anaconda.org/conda-forge/noarch/notebook-7.5.1-pyhcf101f3_0.conda#c984a8b773a34e38f5cf399b6d582e5c
https://conda.anaconda.org/conda-forge/osx-arm64/pulp-2.8.0-py311h04769c0_3.conda#0919c93bb611d6eb9f15e9fc703b7522
https://conda.anaconda.org/conda-forge/osx-arm64/pyarrow-21.0.0-py311ha1ab1f8_1.conda#4d3e26cac47a5fda609351cbe5ba1ee9
https://conda.anaconda.org/conda-forge/noarch/jupyter-1.1.1-pyhd8ed1ab_1.conda#9453512288d20847de4356327d0e1282
https://conda.anaconda.org/bioconda/noarch/nanoplot-1.46.2-pyhdfd78af_0.conda#7107c265fb2ed90f333ea7e6c5f19ac5
https://conda.anaconda.org/bioconda/noarch/snakemake-minimal-9.14.5-pyhdfd78af_0.conda#506595d74d93a867497f0c97144007c5
https://conda.anaconda.org/conda-forge/noarch/spatialpandas-0.5.0-pyhd8ed1ab_0.conda#e371879bca521d38ad57e88a705bcda4
https://conda.anaconda.org/conda-forge/noarch/eido-0.2.4-pyhd8ed1ab_0.conda#fc815854ab62482e2f2f0d8fab786a1c
https://conda.anaconda.org/conda-forge/noarch/pephubclient-0.4.4-pyhd8ed1ab_1.conda#08d92912686d87b05d53ce04f00142c8
https://conda.anaconda.org/conda-forge/noarch/peppy-0.40.8-pyhd8ed1ab_0.conda#af8214b9b5fd6d49175958be2a4f5321
https://conda.anaconda.org/bioconda/noarch/snakemake-9.14.5-hdfd78af_0.conda#f58d59bad6b87b017ed678571ec76577
