# Generated by conda-lock.
# platform: osx-64
# input_hash: d0d39df2b55f57cbbb9005f2cb90f91842a5d0e77a4c189c0d5ba19472ef6460
@EXPLICIT
https://conda.anaconda.org/conda-forge/noarch/font-ttf-dejavu-sans-mono-2.37-hab24e00_0.tar.bz2#0c96522c6bdaed4b1566d11387caaf45
https://conda.anaconda.org/conda-forge/noarch/font-ttf-inconsolata-3.000-h77eed37_0.tar.bz2#34893075a5c9e55cdafac56607368fc6
https://conda.anaconda.org/conda-forge/noarch/font-ttf-source-code-pro-2.038-h77eed37_0.tar.bz2#4d59c254e01d9cde7957100457e2d5fb
https://conda.anaconda.org/conda-forge/noarch/font-ttf-ubuntu-0.83-h77eed37_3.conda#49023d73832ef61042f6a237cb2687e7
https://conda.anaconda.org/conda-forge/osx-64/git-lfs-3.7.1-h1ecb644_0.conda#9c43bbc9582ddaa4551da02511352ca1
https://conda.anaconda.org/conda-forge/osx-64/hicolor-icon-theme-0.17-h694c41f_2.tar.bz2#f64218f19d9a441e80343cea13be1afb
https://conda.anaconda.org/conda-forge/osx-64/libev-4.33-h10d778d_2.conda#899db79329439820b7e8f8de41bca902
https://conda.anaconda.org/conda-forge/osx-64/libopentelemetry-cpp-headers-1.21.0-h694c41f_1.conda#62636543478d53b28c1fc5efce346622
https://conda.anaconda.org/conda-forge/osx-64/libunistring-0.9.10-h0d85af4_0.tar.bz2#40f27dc16f73256d7b93e53c4f03d92f
https://conda.anaconda.org/conda-forge/osx-64/nlohmann_json-3.12.0-h53ec75d_1.conda#5e9bee5fa11d91e1621e477c3cb9b9ba
https://conda.anaconda.org/conda-forge/osx-64/perl-5.32.1-7_h10d778d_perl5.conda#dc442e0885c3a6b65e61c61558161a9e
https://conda.anaconda.org/conda-forge/noarch/python_abi-3.11-8_cp311.conda#8fcb6b0e2161850556231336dae58358
https://conda.anaconda.org/conda-forge/noarch/tzdata-2025c-hc9c84f9_1.conda#ad659d0a2b3e47e38d829aa8cad2d610
https://conda.anaconda.org/conda-forge/osx-64/aws-c-common-0.12.6-h8616949_0.conda#c7f2d588a6d50d170b343f3ae0b72e62
https://conda.anaconda.org/conda-forge/osx-64/bzip2-1.0.8-h500dc9f_8.conda#97c4b3bd8a90722104798175a1bdddbf
https://conda.anaconda.org/conda-forge/osx-64/c-ares-1.34.6-hb5e19a0_0.conda#fc9a153c57c9f070bebaa7eef30a8f17
https://conda.anaconda.org/conda-forge/noarch/ca-certificates-2025.11.12-hbd8a1cb_0.conda#f0991f0f84902f6b6009b4d2350a83aa
https://conda.anaconda.org/conda-forge/osx-64/epoxy-1.5.10-h8616949_2.conda#efe7fa6c60b20cb0a3a22e8c3e7b721e
https://conda.anaconda.org/conda-forge/noarch/fonts-conda-forge-1-hc364b38_1.conda#a7970cd949a077b7cb9696379d338681
https://conda.anaconda.org/conda-forge/osx-64/fribidi-1.0.16-h8616949_0.conda#4422491d30462506b9f2d554ab55e33d
https://conda.anaconda.org/conda-forge/osx-64/icu-78.1-h14c5de8_0.conda#1e648e0c6657a29dc44102d6e3b10ebc
https://conda.anaconda.org/conda-forge/osx-64/libbrotlicommon-1.2.0-h8616949_1.conda#f157c098841474579569c85a60ece586
https://conda.anaconda.org/conda-forge/osx-64/libcxx-21.1.8-h3d58e20_0.conda#9f8a60a77ecafb7966ca961c94f33bd1
https://conda.anaconda.org/conda-forge/osx-64/libdeflate-1.25-h517ebb2_0.conda#31aa65919a729dc48180893f62c25221
https://conda.anaconda.org/conda-forge/osx-64/libexpat-2.7.3-heffb93a_0.conda#222e0732a1d0780a622926265bee14ef
https://conda.anaconda.org/conda-forge/osx-64/libffi-3.5.2-h750e83c_0.conda#d214916b24c625bcc459b245d509f22e
https://conda.anaconda.org/conda-forge/osx-64/libiconv-1.18-h57a12c2_2.conda#210a85a1119f97ea7887188d176db135
https://conda.anaconda.org/conda-forge/osx-64/libjpeg-turbo-3.1.2-h8616949_0.conda#48dda187f169f5a8f1e5e07701d5cdd9
https://conda.anaconda.org/conda-forge/osx-64/liblzma-5.8.1-hd471939_2.conda#8468beea04b9065b9807fc8b9cdc5894
https://conda.anaconda.org/conda-forge/osx-64/libsodium-1.0.20-hfdf4475_0.conda#6af4b059e26492da6013e79cbcb4d069
https://conda.anaconda.org/conda-forge/osx-64/libutf8proc-2.11.2-h7983711_0.conda#e630b1baa02a5eeb0ef351c6125865c4
https://conda.anaconda.org/conda-forge/osx-64/libwebp-base-1.6.0-hb807250_0.conda#7bb6608cf1f83578587297a158a6630b
https://conda.anaconda.org/conda-forge/osx-64/libzlib-1.3.1-hd23fc13_2.conda#003a54a4e32b02f7355b50a837e699da
https://conda.anaconda.org/conda-forge/osx-64/llvm-openmp-21.1.8-h472b3d1_0.conda#e2d811e9f464dd67398b4ce1f9c7c872
https://conda.anaconda.org/conda-forge/osx-64/m4-1.4.20-h6e16a3a_0.conda#5b5e2277a0d4bb0bb4560ccbc8d4ee56
https://conda.anaconda.org/conda-forge/osx-64/ncurses-6.5-h0622a9a_3.conda#ced34dd9929f491ca6dab6a2927aff25
https://conda.anaconda.org/conda-forge/osx-64/pthread-stubs-0.4-h00291cd_1002.conda#8bcf980d2c6b17094961198284b8e862
https://conda.anaconda.org/conda-forge/osx-64/selenium-manager-4.39.0-h3c2ae71_0.conda#c4101fead26ca3af46dfa9090b323b1d
https://conda.anaconda.org/conda-forge/osx-64/xorg-libxau-1.0.12-h8616949_1.conda#47f1b8b4a76ebd0cd22bd7153e54a4dc
https://conda.anaconda.org/conda-forge/osx-64/xorg-libxdmcp-1.1.5-h8616949_1.conda#435446d9d7db8e094d2c989766cfb146
https://conda.anaconda.org/conda-forge/osx-64/yaml-0.2.5-h4132b18_3.conda#a645bb90997d3fc2aea0adf6517059bd
https://conda.anaconda.org/conda-forge/osx-64/_openmp_mutex-4.5-7_kmp_llvm.conda#eaac87c21aff3ed21ad9656697bb8326
https://conda.anaconda.org/conda-forge/osx-64/autoconf-2.72-pl5321had7229c_1.conda#5544811b747d3225ffa21fc4f2483a17
https://conda.anaconda.org/conda-forge/osx-64/aws-c-cal-0.9.13-hea39f9f_1.conda#cbf7be9e03e8b5e38ec60b6dbdf3a649
https://conda.anaconda.org/conda-forge/osx-64/aws-c-compression-0.3.1-h901532c_9.conda#abb79371a321d47da8f7ddca128533de
https://conda.anaconda.org/conda-forge/osx-64/aws-c-sdkutils-0.2.4-h901532c_4.conda#b384fb05730f549a55cdb13c484861eb
https://conda.anaconda.org/conda-forge/osx-64/aws-checksums-0.2.7-h901532c_5.conda#cccf553ce36da9ae739206b69c1a4d28
https://conda.anaconda.org/anaconda/osx-64/chromedriver-binary-2.38-0.tar.bz2#cf8bd9d97efc739b41141cf0857c9053
https://conda.anaconda.org/conda-forge/noarch/fonts-conda-ecosystem-1-0.tar.bz2#fee5683a3f04bd15cbd8318b096a27ab
https://conda.anaconda.org/conda-forge/osx-64/gflags-2.2.2-hac325c4_1005.conda#a26de8814083a6971f14f9c8c3cb36c2
https://conda.anaconda.org/conda-forge/osx-64/graphite2-1.3.14-h21dd04a_2.conda#ba63822087afc37e01bf44edcc2479f3
https://conda.anaconda.org/conda-forge/osx-64/lerc-4.0.0-hcca01a6_1.conda#21f765ced1a0ef4070df53cb425e1967
https://conda.anaconda.org/conda-forge/osx-64/libabseil-20250512.1-cxx17_hfc00f1c_0.conda#ddf1acaed2276c7eb9d3c76b49699a11
https://conda.anaconda.org/conda-forge/osx-64/libbrotlidec-1.2.0-h8616949_1.conda#63186ac7a8a24b3528b4b14f21c03f54
https://conda.anaconda.org/conda-forge/osx-64/libbrotlienc-1.2.0-h8616949_1.conda#12a58fd3fc285ce20cf20edf21a0ff8f
https://conda.anaconda.org/conda-forge/osx-64/libcrc32c-1.1.2-he49afe7_0.tar.bz2#23d6d5a69918a438355d7cbc4c3d54c9
https://conda.anaconda.org/conda-forge/osx-64/libedit-3.1.20250104-pl5321ha958ccf_0.conda#1f4ed31220402fcddc083b4bff406868
https://conda.anaconda.org/conda-forge/osx-64/libintl-0.25.1-h3184127_1.conda#a8e54eefc65645193c46e8b180f62d22
https://conda.anaconda.org/conda-forge/osx-64/libpng-1.6.53-h380d223_0.conda#0cdbbd56f660997cfe5d33e516afac2f
https://conda.anaconda.org/conda-forge/osx-64/libsqlite-3.51.1-hd09e2f1_1.conda#75ba9aba95c277f12e23cdb0856fd9cd
https://conda.anaconda.org/conda-forge/osx-64/libxcb-1.17.0-hf1f96e2_0.conda#bbeca862892e2898bdb45792a61c4afc
https://conda.anaconda.org/conda-forge/osx-64/libxml2-16-2.15.1-he456531_1.conda#6cd21078a491bdf3fdb7482e1680ef63
https://conda.anaconda.org/conda-forge/osx-64/lz4-c-1.10.0-h240833e_1.conda#d6b9bd7e356abd7e3a633d59b753495a
https://conda.anaconda.org/conda-forge/osx-64/openjdk-25.0.1-h2014cc5_0.conda#dc31b52f802094dc4bf4bc5c45b1b40d
https://conda.anaconda.org/conda-forge/osx-64/openssl-3.6.0-h230baf5_0.conda#3f50cdf9a97d0280655758b735781096
https://conda.anaconda.org/conda-forge/osx-64/pcre2-10.47-h13923f0_0.conda#08f970fb2b75f5be27678e077ebedd46
https://conda.anaconda.org/conda-forge/osx-64/pixman-0.46.4-ha059160_1.conda#742a8552e51029585a32b6024e9f57b4
https://conda.anaconda.org/conda-forge/osx-64/qhull-2020.2-h3c5361c_5.conda#dd1ea9ff27c93db7c01a7b7656bd4ad4
https://conda.anaconda.org/conda-forge/osx-64/readline-8.3-h68b038d_0.conda#eefd65452dfe7cce476a519bece46704
https://conda.anaconda.org/conda-forge/osx-64/snappy-1.2.2-h01f5ddf_1.conda#2e993292ec18af5cd480932d448598cf
https://conda.anaconda.org/conda-forge/osx-64/tk-8.6.13-hf689a15_3.conda#bd9f1de651dbd80b51281c694827f78f
https://conda.anaconda.org/conda-forge/osx-64/zlib-1.3.1-hd23fc13_2.conda#c989e0295dcbdc08106fe5d9e935f0b9
https://conda.anaconda.org/conda-forge/osx-64/zlib-ng-2.3.2-h8bce59a_1.conda#cdd69480d52f2b871fad1a91324d9942
https://conda.anaconda.org/conda-forge/osx-64/zstd-1.5.7-h3eecb57_6.conda#727109b184d680772e3122f40136d5ca
https://conda.anaconda.org/conda-forge/osx-64/automake-1.17-pl5321h694c41f_0.conda#f0417369f9aa8bd13efa3bba6827ebd1
https://conda.anaconda.org/conda-forge/osx-64/aws-c-io-0.23.3-hf559bb5_5.conda#d9cc056da3a1ee0a2da750d10a5496f3
https://conda.anaconda.org/conda-forge/osx-64/brotli-bin-1.2.0-h8616949_1.conda#34803b20dfec7af32ba675c5ccdbedbf
https://conda.anaconda.org/conda-forge/osx-64/glog-0.7.1-h2790a97_0.conda#06cf91665775b0da395229cd4331b27d
https://conda.anaconda.org/conda-forge/osx-64/krb5-1.21.3-h37d8d59_0.conda#d4765c524b1d91567886bde656fb514b
https://conda.anaconda.org/conda-forge/osx-64/libevent-2.1.12-ha90c15b_1.conda#e38e467e577bd193a7d5de7c2c540b04
https://conda.anaconda.org/conda-forge/osx-64/libfreetype6-2.14.1-h6912278_0.conda#dfbdc8fd781dc3111541e4234c19fdbd
https://conda.anaconda.org/conda-forge/osx-64/libgcc-15.2.0-h08519bb_15.conda#c816665789d1e47cdfd6da8a81e1af64
https://conda.anaconda.org/conda-forge/osx-64/libglib-2.86.3-hf241ffe_0.conda#584ce14b08050d3f1a25ab429b9360bc
https://conda.anaconda.org/conda-forge/osx-64/libidn2-2.3.8-h13f126c_1.conda#50b332868597b9c70f493ae5c7df6560
https://conda.anaconda.org/conda-forge/osx-64/libnghttp2-1.67.0-h3338091_0.conda#e7630cef881b1174d40f3e69a883e55f
https://conda.anaconda.org/conda-forge/osx-64/libprotobuf-6.31.1-hcc66ac3_4.conda#f22705f9ebb3f79832d635c4c2919b15
https://conda.anaconda.org/conda-forge/osx-64/libre2-11-2025.11.05-h554ac88_0.conda#a0237623ed85308cb816c3dcced23db2
https://conda.anaconda.org/conda-forge/osx-64/libssh2-1.11.1-hed3591d_0.conda#a6cb15db1c2dc4d3a5f6cf3772e09e81
https://conda.anaconda.org/conda-forge/osx-64/libtiff-4.7.1-ha0a348c_1.conda#9d4344f94de4ab1330cdc41c40152ea6
https://conda.anaconda.org/conda-forge/osx-64/libxml2-2.15.1-h24ca049_1.conda#c58fc83257ad06634b9c935099ef2680
https://conda.anaconda.org/conda-forge/osx-64/python-3.11.14-h74c2667_2_cpython.conda#37ac5f13a245f08746e0d658b245d670
https://conda.anaconda.org/conda-forge/noarch/appdirs-1.4.4-pyhd8ed1ab_1.conda#f4e90937bbfc3a4a92539545a37bb448
https://conda.anaconda.org/conda-forge/noarch/appnope-0.1.4-pyhd8ed1ab_1.conda#54898d0f524c9dee622d44bbb081a8ab
https://conda.anaconda.org/conda-forge/noarch/argparse-dataclass-2.0.0-pyhd8ed1ab_1.conda#3c0e753fd317fa10d34020a2bc8add8e
https://conda.anaconda.org/conda-forge/noarch/asttokens-3.0.1-pyhd8ed1ab_0.conda#9673a61a297b00016442e022d689faa6
https://conda.anaconda.org/conda-forge/osx-64/atk-1.0-2.38.0-h4bec284_2.conda#d9684247c943d492d9aac8687bc5db77
https://conda.anaconda.org/conda-forge/noarch/attrs-25.4.0-pyhcf101f3_1.conda#537296d57ea995666c68c821b00e360b
https://conda.anaconda.org/conda-forge/osx-64/aws-c-event-stream-0.5.7-ha05da6a_1.conda#e0d71662f35b21fb993484238b4861d9
https://conda.anaconda.org/conda-forge/osx-64/aws-c-http-0.10.7-h924c446_5.conda#acff093ebb711857fb78fae3b656631c
https://conda.anaconda.org/conda-forge/osx-64/backports.zstd-1.3.0-py311hdc67420_0.conda#81100ad214bd892d904a81cacfb5b988
https://conda.anaconda.org/conda-forge/osx-64/brotli-1.2.0-hf139dec_1.conda#149d8ee7d6541a02a6117d8814fd9413
https://conda.anaconda.org/conda-forge/osx-64/brotli-python-1.2.0-py311h7e844b6_1.conda#ae49e04114f7f1673920fdbf326a047f
https://conda.anaconda.org/conda-forge/noarch/cached_property-1.5.2-pyha770c72_1.tar.bz2#576d629e47797577ab0f1b351297ef4a
https://conda.anaconda.org/conda-forge/noarch/certifi-2025.11.12-pyhd8ed1ab_0.conda#96a02a5c1a65470a7e4eedb644c872fd
https://conda.anaconda.org/conda-forge/noarch/charset-normalizer-3.4.4-pyhd8ed1ab_0.conda#a22d1fd9bf98827e280a02875d9a007a
https://conda.anaconda.org/conda-forge/noarch/click-8.3.1-pyh8f84b5b_1.conda#ea8a6c3256897cc31263de9f455e25d9
https://conda.anaconda.org/conda-forge/noarch/cloudpickle-3.1.2-pyhcf101f3_1.conda#61b8078a0905b12529abc622406cb62c
https://conda.anaconda.org/conda-forge/noarch/colorama-0.4.6-pyhd8ed1ab_1.conda#962b9857ee8e7018c22f2776ffa0b2d7
https://conda.anaconda.org/conda-forge/noarch/colorcet-3.1.0-pyhd8ed1ab_1.conda#91d7152c744dc0f18ef8beb3cbc9980a
https://conda.anaconda.org/conda-forge/noarch/comm-0.2.3-pyhe01879c_0.conda#2da13f2b299d8e1995bafbbe9689a2f7
https://conda.anaconda.org/conda-forge/noarch/configargparse-1.7.1-pyhe01879c_0.conda#18dfeef40f049992f4b46b06e6f3b497
https://conda.anaconda.org/conda-forge/noarch/connection_pool-0.0.3-pyhd3deb0d_0.tar.bz2#e270fff08907db8691c02a0eda8d38ae
https://conda.anaconda.org/conda-forge/noarch/cycler-0.12.1-pyhcf101f3_2.conda#4c2a8fef270f6c69591889b93f9f55c1
https://conda.anaconda.org/conda-forge/osx-64/cython-3.2.3-py311hac81038_1.conda#616ee38a534bf8c1b57e7fa487c7583f
https://conda.anaconda.org/conda-forge/osx-64/debugpy-1.8.19-py311hd4eb7a1_0.conda#31ec27cf2254fe4c1299559294b1bb57
https://conda.anaconda.org/conda-forge/noarch/decorator-5.2.1-pyhd8ed1ab_0.conda#9ce473d1d1be1cc3810856a48b3fab32
https://conda.anaconda.org/conda-forge/noarch/defusedxml-0.7.1-pyhd8ed1ab_0.tar.bz2#961b3a227b437d82ad7054484cfa71b2
https://conda.anaconda.org/conda-forge/noarch/docutils-0.21.2-pyhd8ed1ab_1.conda#24c1ca34138ee57de72a943237cde4cc
https://conda.anaconda.org/conda-forge/noarch/dpath-2.2.0-pyha770c72_1.conda#7b2af124684a994217e62c641bca2e48
https://conda.anaconda.org/conda-forge/osx-64/editdistance-0.6.2-py311h11ccb26_3.conda#967a1744ff79421a8c2eabbb9c0a9e36
https://conda.anaconda.org/conda-forge/noarch/executing-2.2.1-pyhd8ed1ab_0.conda#ff9efb7f7469aed3c4a8106ffa29593c
https://conda.anaconda.org/conda-forge/noarch/fsspec-2025.12.0-pyhd8ed1ab_0.conda#a3b9510e2491c20c7fc0f5e730227fbb
https://conda.anaconda.org/conda-forge/osx-64/gdk-pixbuf-2.44.4-h07555a4_0.conda#bb9e17e69566ded88342156e58de3f87
https://conda.anaconda.org/conda-forge/osx-64/glib-tools-2.86.3-h8650975_0.conda#16ce4f8eddf8ad9233631f79404a4267
https://conda.anaconda.org/conda-forge/osx-64/gts-0.7.6-h53e17e3_4.conda#848cc963fcfbd063c7a023024aa3bec0
https://conda.anaconda.org/conda-forge/noarch/hpack-4.1.0-pyhd8ed1ab_0.conda#0a802cb9888dd14eeefc611f05c40b6e
https://conda.anaconda.org/conda-forge/noarch/humanfriendly-10.0-pyh707e725_8.conda#7fe569c10905402ed47024fc481bb371
https://conda.anaconda.org/conda-forge/noarch/hyperframe-6.1.0-pyhd8ed1ab_0.conda#8e6923fc12f1fe8f8c4e5c9f343256ac
https://conda.anaconda.org/conda-forge/noarch/idna-3.11-pyhd8ed1ab_0.conda#53abe63df7e10a6ba605dc5f9f961d36
https://conda.anaconda.org/conda-forge/osx-64/immutables-0.21-py311h13e5629_2.conda#25aade37e421a4cda6ad6cc92d5ad168
https://conda.anaconda.org/conda-forge/noarch/iniconfig-2.3.0-pyhd8ed1ab_0.conda#9614359868482abba1bd15ce465e3c42
https://conda.anaconda.org/conda-forge/noarch/json5-0.12.1-pyhd8ed1ab_0.conda#0fc93f473c31a2f85c0bde213e7c63ca
https://conda.anaconda.org/conda-forge/noarch/jsonpointer-3.0.0-pyhcf101f3_3.conda#cd2214824e36b0180141d422aba01938
https://conda.anaconda.org/conda-forge/noarch/jupyterlab_widgets-3.0.16-pyhcf101f3_1.conda#dbf8b81974504fa51d34e436ca7ef389
https://conda.anaconda.org/conda-forge/osx-64/kiwisolver-1.4.9-py311h591569d_2.conda#be9c882a849efcda40e54a96552a2cbe
https://conda.anaconda.org/conda-forge/noarch/lark-1.3.1-pyhd8ed1ab_0.conda#9b965c999135d43a3d0f7bd7d024e26a
https://conda.anaconda.org/conda-forge/osx-64/lcms2-2.17-h72f5680_0.conda#bf210d0c63f2afb9e414a858b79f0eaa
https://conda.anaconda.org/conda-forge/osx-64/libcurl-8.17.0-h7dd4100_1.conda#9ddfaeed0eafce233ae8f4a430816aa5
https://conda.anaconda.org/conda-forge/osx-64/libfreetype-2.14.1-h694c41f_0.conda#e0e2edaf5e0c71b843e25a7ecc451cc9
https://conda.anaconda.org/conda-forge/osx-64/libgfortran5-15.2.0-hd16e46c_15.conda#c2a6149bf7f82774a0118b9efef966dd
https://conda.anaconda.org/conda-forge/osx-64/libthrift-0.22.0-h687e942_1.conda#69251ed374b31a5664bf5ba58626f3b7
https://conda.anaconda.org/conda-forge/osx-64/llvmlite-0.46.0-py311hb26b958_0.conda#52b906dd9165022aca24a9e709a3eaec
https://conda.anaconda.org/conda-forge/noarch/locket-1.0.0-pyhd8ed1ab_0.tar.bz2#91e27ef3d05cc772ce627e51cff111c4
https://conda.anaconda.org/conda-forge/noarch/logistro-2.0.1-pyhcf101f3_0.conda#87437cafadce67e0c0605d3f3e36998a
https://conda.anaconda.org/conda-forge/noarch/logmuse-0.2.8-pyhd8ed1ab_1.conda#7966fa985b84beb9ec674cf123f726f0
https://conda.anaconda.org/bioconda/osx-64/mappy-2.30-py311heee391d_0.tar.bz2#5b7c9e7bc75cd131c3b25566d3aed596
https://conda.anaconda.org/conda-forge/osx-64/markupsafe-3.0.3-py311he13f9b5_0.conda#37b12b2523c1ef48318330b33410567b
https://conda.anaconda.org/conda-forge/noarch/mdurl-0.1.2-pyhd8ed1ab_1.conda#592132998493b3ff25fd7479396e8351
https://conda.anaconda.org/conda-forge/noarch/munkres-1.1.4-pyhd8ed1ab_1.conda#37293a85a0f4f77bbd9cf7aaefc62609
https://conda.anaconda.org/conda-forge/noarch/narwhals-2.14.0-pyhcf101f3_0.conda#2708dffa2a43a303f5f9cb020fedb6ab
https://conda.anaconda.org/conda-forge/noarch/natsort-8.4.0-pyh29332c3_1.conda#0aa03903d33997f3886be58abc890aef
https://conda.anaconda.org/conda-forge/noarch/nest-asyncio-1.6.0-pyhd8ed1ab_1.conda#598fd7d4d0de2455fb74f56063969a97
https://conda.anaconda.org/conda-forge/osx-64/openjpeg-2.5.4-h87e8dc5_0.conda#a67d3517ebbf615b91ef9fdc99934e0c
https://conda.anaconda.org/conda-forge/osx-64/orc-2.2.1-hd1b02dc_0.conda#b4646b6ddcbcb3b10e9879900c66ed48
https://conda.anaconda.org/conda-forge/osx-64/orjson-3.11.5-py311h5f0599c_0.conda#0d250dbbf32653e2ef5f2426f789460e
https://conda.anaconda.org/conda-forge/noarch/packaging-25.0-pyh29332c3_1.conda#58335b26c38bf4a20f399384c33cbcf9
https://conda.anaconda.org/conda-forge/noarch/pandocfilters-1.5.0-pyhd8ed1ab_0.tar.bz2#457c2c8c08e54905d6954e79cb5b5db9
https://conda.anaconda.org/conda-forge/noarch/param-2.3.1-pyhc455866_0.conda#2e540782a41d649a290659ca8e50fec0
https://conda.anaconda.org/conda-forge/noarch/parso-0.8.5-pyhcf101f3_0.conda#a110716cdb11cf51482ff4000dc253d7
https://conda.anaconda.org/conda-forge/noarch/platformdirs-4.5.1-pyhcf101f3_0.conda#1bd2e65c8c7ef24f4639ae6e850dacc2
https://conda.anaconda.org/conda-forge/noarch/pluggy-1.6.0-pyhf9edf01_1.conda#d7585b6550ad04c8c5e21097ada2888e
https://conda.anaconda.org/conda-forge/noarch/prometheus_client-0.23.1-pyhd8ed1ab_0.conda#a1e91db2d17fd258c64921cb38e6745a
https://conda.anaconda.org/conda-forge/osx-64/psutil-7.2.1-py311ha332486_0.conda#c42a0a8d2142fe088f30184eda994187
https://conda.anaconda.org/conda-forge/noarch/ptyprocess-0.7.0-pyhd8ed1ab_1.conda#7d9daffbb8d8e0af0f769dbbcd173a54
https://conda.anaconda.org/conda-forge/noarch/pure_eval-0.2.3-pyhd8ed1ab_1.conda#3bfdfb8dbcdc4af1ae3f9a8eb3948f04
https://conda.anaconda.org/conda-forge/noarch/pycparser-2.22-pyh29332c3_1.conda#12c566707c80111f9799308d9e265aef
https://conda.anaconda.org/conda-forge/noarch/pygments-2.19.2-pyhd8ed1ab_0.conda#6b6ece66ebcae2d5f326c77ef2c5a066
https://conda.anaconda.org/conda-forge/noarch/pyparsing-3.3.1-pyhcf101f3_0.conda#d837065e4e0de4962c3462079c23f969
https://conda.anaconda.org/conda-forge/noarch/pysocks-1.7.1-pyha55dd90_7.conda#461219d1a5bd61342293efa2c0c90eac
https://conda.anaconda.org/conda-forge/osx-64/python-annoy-1.17.3-py311h7b20566_3.conda#6c07c0003b523c42024f276428480311
https://conda.anaconda.org/conda-forge/noarch/python-fastjsonschema-2.21.2-pyhe01879c_0.conda#23029aae904a2ba587daba708208012f
https://conda.anaconda.org/conda-forge/noarch/python-json-logger-2.0.7-pyhd8ed1ab_0.conda#a61bf9ec79426938ff785eb69dbb1960
https://conda.anaconda.org/conda-forge/noarch/python-tzdata-2025.3-pyhd8ed1ab_0.conda#7ead57407430ba33f681738905278d03
https://conda.anaconda.org/conda-forge/noarch/pytz-2025.2-pyhd8ed1ab_0.conda#bc8e3267d44011051f2eb14d22fb0960
https://conda.anaconda.org/conda-forge/osx-64/pyyaml-6.0.3-py311he13f9b5_0.conda#2d9ba0ec796516a17d3c87efdb881aff
https://conda.anaconda.org/bioconda/osx-64/racon-1.5.0-h2ec61ea_8.conda#fcad2863eec4f3433841d04eb1cb3286
https://conda.anaconda.org/conda-forge/osx-64/re2-2025.11.05-h7df6414_0.conda#13dc8eedbaa30b753546e3d716f51816
https://conda.anaconda.org/conda-forge/noarch/reretry-0.11.8-pyhd8ed1ab_1.conda#b965b0dfdb3c89966a6a25060f73aa67
https://conda.anaconda.org/conda-forge/noarch/retrying-1.4.2-pyhe01879c_0.conda#128b46a47ea164f9a8659cb6da2f3555
https://conda.anaconda.org/conda-forge/noarch/rfc3986-validator-0.1.1-pyh9f0ad1d_0.tar.bz2#912a71cc01012ee38e6b90ddd561e36f
https://conda.anaconda.org/conda-forge/osx-64/rpds-py-0.30.0-py311hd2a4513_0.conda#e9c6e8d9c5d7aa0309332460fef57f49
https://conda.anaconda.org/conda-forge/noarch/setuptools-80.9.0-pyhff2d567_0.conda#4de79c071274a53dcaf2a8c749d1499e
https://conda.anaconda.org/conda-forge/noarch/shellingham-1.5.4-pyhd8ed1ab_2.conda#83ea3a2ddb7a75c1b09cea582aa4f106
https://conda.anaconda.org/conda-forge/osx-64/simplejson-3.20.2-py311hf197a57_1.conda#fdc6008a929b01552a9e7c8bccd3d0fc
https://conda.anaconda.org/conda-forge/noarch/six-1.17.0-pyhe01879c_1.conda#3339e3b65d58accf4ca4fb8748ab16b3
https://conda.anaconda.org/conda-forge/noarch/slack-sdk-3.39.0-pyhd8ed1ab_0.conda#8fb0b000bb4644b675223dda6bfb135a
https://conda.anaconda.org/conda-forge/noarch/smmap-5.0.2-pyhd8ed1ab_0.conda#87f47a78808baf2fa1ea9c315a1e48f1
https://conda.anaconda.org/conda-forge/noarch/sniffio-1.3.1-pyhd8ed1ab_2.conda#03fe290994c5e4ec17293cfb6bdce520
https://conda.anaconda.org/conda-forge/noarch/sortedcontainers-2.4.0-pyhd8ed1ab_1.conda#0401a17ae845fa72c7210e206ec5647d
https://conda.anaconda.org/conda-forge/noarch/soupsieve-2.8.1-pyhd8ed1ab_0.conda#7de28c27fe620a4f7dbfaea137c6232b
https://conda.anaconda.org/conda-forge/noarch/tabulate-0.9.0-pyhcf101f3_3.conda#de98449f11d48d4b52eefb354e2bfe35
https://conda.anaconda.org/conda-forge/noarch/threadpoolctl-3.6.0-pyhecae5ae_0.conda#9d64911b31d57ca443e9f1e36b04385f
https://conda.anaconda.org/conda-forge/noarch/throttler-1.2.2-pyhd8ed1ab_0.conda#6fc48bef3b400c82abaee323a9d4e290
https://conda.anaconda.org/conda-forge/noarch/tomli-2.3.0-pyhcf101f3_0.conda#d2732eb636c264dc9aa4cbee404b1a53
https://conda.anaconda.org/conda-forge/noarch/toolz-1.1.0-pyhd8ed1ab_1.conda#c07a6153f8306e45794774cf9b13bd32
https://conda.anaconda.org/conda-forge/osx-64/tornado-6.5.4-py311ha2bb86f_0.conda#354f5036a42f0ee629877a63a4ac801e
https://conda.anaconda.org/conda-forge/noarch/traitlets-5.14.3-pyhd8ed1ab_1.conda#019a7385be9af33791c989871317e1ed
https://conda.anaconda.org/conda-forge/noarch/typing_extensions-4.15.0-pyhcf101f3_0.conda#0caa1af407ecff61170c9437a808404d
https://conda.anaconda.org/conda-forge/noarch/typing_utils-0.1.0-pyhd8ed1ab_1.conda#f6d7aa696c67756a650e91e15e88223c
https://conda.anaconda.org/conda-forge/noarch/uc-micro-py-1.0.3-pyhd8ed1ab_1.conda#9c96c9876ba45368a03056ddd0f20431
https://conda.anaconda.org/bioconda/noarch/umicollapse-1.1.0-hdfd78af_0.tar.bz2#af7812923eec7ffc3238c200098f07da
https://conda.anaconda.org/conda-forge/osx-64/unicodedata2-17.0.0-py311hf197a57_1.conda#915e0e550ae72c7754845c58a3ea79f5
https://conda.anaconda.org/conda-forge/noarch/uri-template-1.3.0-pyhd8ed1ab_1.conda#e7cb0f5745e4c5035a460248334af7eb
https://conda.anaconda.org/conda-forge/noarch/wcwidth-0.2.14-pyhd8ed1ab_0.conda#7e1e5ff31239f9cd5855714df8a3783d
https://conda.anaconda.org/conda-forge/noarch/webcolors-25.10.0-pyhd8ed1ab_0.conda#6639b6b0d8b5a284f027a2003669aa65
https://conda.anaconda.org/conda-forge/noarch/webencodings-0.5.1-pyhd8ed1ab_3.conda#2841eb5bfc75ce15e9a0054b98dcd64d
https://conda.anaconda.org/conda-forge/noarch/websocket-client-1.9.0-pyhd8ed1ab_0.conda#2f1ed718fcd829c184a6d4f0f2e07409
https://conda.anaconda.org/conda-forge/osx-64/wget-1.21.4-hca547e6_0.conda#479910a14056bea9c36bbb867c3f1471
https://conda.anaconda.org/conda-forge/noarch/wheel-0.45.1-pyhd8ed1ab_1.conda#75cb7132eb58d97896e173ef12ac9986
https://conda.anaconda.org/conda-forge/noarch/widgetsnbextension-4.0.15-pyhd8ed1ab_0.conda#dc257b7e7cad9b79c1dfba194e92297b
https://conda.anaconda.org/conda-forge/osx-64/wrapt-1.17.3-py311h13e5629_1.conda#e61d11880c60001e858cc591ce35973f
https://conda.anaconda.org/conda-forge/noarch/xyzservices-2025.11.0-pyhd8ed1ab_0.conda#16933322051fa260285f1a44aae91dd6
https://conda.anaconda.org/conda-forge/osx-64/zeromq-4.3.5-h6c33b1e_9.conda#d940d809c42fbf85b05814c3290660f5
https://conda.anaconda.org/conda-forge/noarch/zipp-3.23.0-pyhcf101f3_1.conda#30cd29cb87d819caead4d55184c1d115
https://conda.anaconda.org/conda-forge/noarch/amply-0.1.6-pyhd8ed1ab_1.conda#5a81866192811f3a0827f5f93e589f02
https://conda.anaconda.org/conda-forge/noarch/async-lru-2.0.5-pyh29332c3_0.conda#d9d0f99095a9bb7e3641bca8c6ad2ac7
https://conda.anaconda.org/conda-forge/osx-64/aws-c-auth-0.9.3-hdff831d_0.conda#a04fb222805ce5697065036ae1676436
https://conda.anaconda.org/conda-forge/osx-64/aws-c-mqtt-0.13.3-ha72ff4e_11.conda#96f22c912f1cf3493d9113b9fd04c912
https://conda.anaconda.org/conda-forge/osx-64/azure-core-cpp-1.16.1-he2a98a9_0.conda#9f39c22aad61e76bfb73bb7d4114efac
https://conda.anaconda.org/conda-forge/noarch/babel-2.17.0-pyhd8ed1ab_0.conda#0a01c169f0ab0f91b26e77a3301fbfe4
https://conda.anaconda.org/conda-forge/noarch/bleach-6.3.0-pyhcf101f3_0.conda#b1a27250d70881943cca0dd6b4ba0956
https://conda.anaconda.org/conda-forge/noarch/cached-property-1.5.2-hd8ed1ab_1.tar.bz2#9b347a7ec10940d3f7941ff6c460b551
https://conda.anaconda.org/conda-forge/osx-64/cffi-2.0.0-py311h26bcf6e_1.conda#9a3f0928baf6f2754d9d437984c79b00
https://conda.anaconda.org/conda-forge/noarch/choreographer-1.2.1-pyhcf101f3_0.conda#11a8c8e969a60ce8a78c1c4c9247e5f6
https://conda.anaconda.org/conda-forge/noarch/coloredlogs-15.0.1-pyhd8ed1ab_4.conda#b866ff7007b934d564961066c8195983
https://conda.anaconda.org/conda-forge/noarch/conda-inject-1.3.2-pyhd8ed1ab_0.conda#e52c2a160d6bd0649c9fafdf0c813357
https://conda.anaconda.org/conda-forge/noarch/exceptiongroup-1.3.1-pyhd8ed1ab_0.conda#8e662bd460bda79b1ea39194e3c4c9ab
https://conda.anaconda.org/conda-forge/osx-64/fonttools-4.61.1-py311he13f9b5_0.conda#16170c1aade6f6b935c585ccedf49f58
https://conda.anaconda.org/conda-forge/osx-64/freetype-2.14.1-h694c41f_0.conda#ca641fdf8b7803f4b7212b6d66375930
https://conda.anaconda.org/conda-forge/noarch/gitdb-4.0.12-pyhd8ed1ab_0.conda#7c14f3706e099f8fcd47af2d494616cc
https://conda.anaconda.org/conda-forge/noarch/h11-0.16.0-pyhd8ed1ab_0.conda#4b69232755285701bc86a5afe4d9933a
https://conda.anaconda.org/conda-forge/noarch/h2-4.3.0-pyhcf101f3_0.conda#164fc43f0b53b6e3a7bc7dce5e4f1dc9
https://conda.anaconda.org/conda-forge/noarch/importlib-metadata-8.7.0-pyhe01879c_1.conda#63ccfdc3a3ce25b027b8767eb722fca8
https://conda.anaconda.org/conda-forge/noarch/importlib_resources-6.5.2-pyhd8ed1ab_0.conda#c85c76dc67d75619a92f51dfbce06992
https://conda.anaconda.org/conda-forge/noarch/ipython_pygments_lexers-1.1.1-pyhd8ed1ab_0.conda#bd80ba060603cc228d9d81c257093119
https://conda.anaconda.org/conda-forge/noarch/jedi-0.19.2-pyhd8ed1ab_1.conda#a4f4c5dc9b80bc50e0d3dc4e6e8f1bd9
https://conda.anaconda.org/conda-forge/noarch/jinja2-3.1.6-pyhcf101f3_1.conda#04558c96691bed63104678757beb4f8d
https://conda.anaconda.org/conda-forge/noarch/joblib-1.5.3-pyhd8ed1ab_0.conda#615de2a4d97af50c350e5cf160149e77
https://conda.anaconda.org/conda-forge/noarch/jupyter_core-5.9.1-pyhc90fa1f_0.conda#b38fe4e78ee75def7e599843ef4c1ab0
https://conda.anaconda.org/conda-forge/noarch/jupyterlab_pygments-0.3.0-pyhd8ed1ab_2.conda#fd312693df06da3578383232528c468d
https://conda.anaconda.org/conda-forge/osx-64/libgfortran-15.2.0-h7e5c614_15.conda#a089323fefeeaba2ae60e1ccebf86ddc
https://conda.anaconda.org/conda-forge/osx-64/libgrpc-1.73.1-h451496d_1.conda#d6ea2acfae86b523b54938c6bc30e378
https://conda.anaconda.org/conda-forge/noarch/linkify-it-py-2.0.3-pyhd8ed1ab_1.conda#b02fe519b5dc0dc55e7299810fcdfb8e
https://conda.anaconda.org/conda-forge/noarch/markdown-it-py-4.0.0-pyhd8ed1ab_0.conda#5b5203189eb668f042ac2b0826244964
https://conda.anaconda.org/conda-forge/noarch/matplotlib-inline-0.2.1-pyhd8ed1ab_0.conda#00e120ce3e40bad7bfc78861ce3c4a25
https://conda.anaconda.org/conda-forge/noarch/mistune-3.2.0-pyhcf101f3_0.conda#b11e360fc4de2b0035fc8aaa74f17fd6
https://conda.anaconda.org/conda-forge/noarch/multipledispatch-0.6.0-pyhd8ed1ab_1.conda#121a57fce7fff0857ec70fa03200962f
https://conda.anaconda.org/conda-forge/noarch/outcome-1.3.0.post0-pyhd8ed1ab_1.conda#36291eb9e4b0f61448ca1c47117f1cb5
https://conda.anaconda.org/conda-forge/noarch/overrides-7.7.0-pyhd8ed1ab_1.conda#e51f1e4089cad105b6cac64bd8166587
https://conda.anaconda.org/conda-forge/noarch/partd-1.4.2-pyhd8ed1ab_0.conda#0badf9c54e24cecfb0ad2f99d680c163
https://conda.anaconda.org/conda-forge/noarch/pexpect-4.9.0-pyhd8ed1ab_1.conda#d0d408b1f18883a944376da5cf8101ea
https://conda.anaconda.org/conda-forge/osx-64/pillow-12.0.0-py311h56465c8_2.conda#5d4ebf4b8797461dd7061a217ace76fa
https://conda.anaconda.org/conda-forge/noarch/pip-25.3-pyh8b19718_0.conda#c55515ca43c6444d2572e0f0d93cb6b9
https://conda.anaconda.org/conda-forge/noarch/plotly-6.5.0-pyhd8ed1ab_0.conda#6d4c79b604d50c1140c32164f7eca72a
https://conda.anaconda.org/conda-forge/osx-64/prometheus-cpp-1.3.0-h7802330_0.conda#f36107fa2557e63421a46676371c4226
https://conda.anaconda.org/conda-forge/noarch/prompt-toolkit-3.0.52-pyha770c72_0.conda#edb16f14d920fb3faf17f5ce582942d6
https://conda.anaconda.org/conda-forge/osx-64/pyobjc-core-12.1-py311h0e44a47_0.conda#42e664a537b521008cb7c51b4043b6f5
https://conda.anaconda.org/bioconda/osx-64/pysam-0.23.3-py311h8104be8_1.tar.bz2#90c3fbe70963096100db9725a1dcaf32
https://conda.anaconda.org/conda-forge/noarch/python-dateutil-2.9.0.post0-pyhe01879c_2.conda#5b8d21249ff20967101ffa321cab24e8
https://conda.anaconda.org/conda-forge/noarch/pyviz_comms-3.0.6-pyhd8ed1ab_0.conda#e0f2c3ecb4dc40d031bbe88869a2a7a1
https://conda.anaconda.org/conda-forge/osx-64/pyzmq-27.1.0-py311h0ab6910_0.conda#840bdfbb93e35d650205af10883ff8a0
https://conda.anaconda.org/conda-forge/noarch/referencing-0.37.0-pyhcf101f3_0.conda#870293df500ca7e18bedefa5838a22ab
https://conda.anaconda.org/conda-forge/noarch/rfc3339-validator-0.1.4-pyhd8ed1ab_1.conda#36de09a8d3e5d5e6f4ee63af49e59706
https://conda.anaconda.org/conda-forge/noarch/rfc3987-syntax-1.1.0-pyhe01879c_1.conda#7234f99325263a5af6d4cd195035e8f2
https://conda.anaconda.org/conda-forge/noarch/slack_sdk-3.39.0-hd8ed1ab_0.conda#a672233d71f5a59931f2f65e420b1f93
https://conda.anaconda.org/conda-forge/noarch/smart_open-7.5.0-pyhcf101f3_0.conda#9d1659c8332e9822e347e115e6bb4d0c
https://conda.anaconda.org/bioconda/noarch/snakemake-interface-common-1.22.0-pyhd4c3c12_0.conda#e9bb00d8c7d26a5cd220d3d73bee45fb
https://conda.anaconda.org/conda-forge/noarch/stack_data-0.6.3-pyhd8ed1ab_1.conda#b1b505328da7a6b246787df4b5a49fbc
https://conda.anaconda.org/conda-forge/noarch/terminado-0.18.1-pyhc90fa1f_1.conda#17b43cee5cc84969529d5d0b0309b2cb
https://conda.anaconda.org/conda-forge/noarch/tinycss2-1.5.1-pyhcf101f3_0.conda#c0d0b883e97906f7524e2aac94be0e0d
https://conda.anaconda.org/conda-forge/noarch/tqdm-4.67.1-pyhd8ed1ab_1.conda#9efbfdc37242619130ea42b1cc4ed861
https://conda.anaconda.org/conda-forge/noarch/typer-slim-0.21.0-pyhcf101f3_0.conda#1bf7599d9f131a06288a2173284b1e4f
https://conda.anaconda.org/conda-forge/noarch/typing-extensions-4.15.0-h396c80c_0.conda#edd329d7d3a4ab45dcf905899a7a6115
https://conda.anaconda.org/conda-forge/noarch/typing-inspection-0.4.2-pyhd8ed1ab_1.conda#a0a4a3035667fc34f29bfbd5c190baa6
https://conda.anaconda.org/conda-forge/noarch/yte-1.9.4-pyhd8ed1ab_0.conda#89d5edf5d52d3bc1ed4d7d3feef508ba
https://conda.anaconda.org/conda-forge/noarch/annotated-types-0.7.0-pyhd8ed1ab_1.conda#2934f256a8acfe48f6ebb4fce6cde29c
https://conda.anaconda.org/conda-forge/noarch/anyio-4.12.0-pyhcf101f3_0.conda#9958d4a1ee7e9c768fe8f4fb51bd07ea
https://conda.anaconda.org/conda-forge/osx-64/argon2-cffi-bindings-25.1.0-py311hf197a57_2.conda#32981d5201015f7391caa145a6c75c7d
https://conda.anaconda.org/conda-forge/noarch/arrow-1.4.0-pyhcf101f3_0.conda#85c4f19f377424eafc4ed7911b291642
https://conda.anaconda.org/conda-forge/osx-64/aws-c-s3-0.11.3-he30762a_1.conda#33c653401dc7b016b0011cb4d16de458
https://conda.anaconda.org/conda-forge/osx-64/azure-identity-cpp-1.13.2-h0e8e1c8_1.conda#32eb613f88ae1530ca78481bdce41cdd
https://conda.anaconda.org/conda-forge/osx-64/azure-storage-common-cpp-12.11.0-h56a711b_1.conda#278ccb9a3616d4342731130287c3ba79
https://conda.anaconda.org/conda-forge/noarch/beautifulsoup4-4.14.3-pyha770c72_0.conda#5267bef8efea4127aacd1f4e1f149b6e
https://conda.anaconda.org/conda-forge/noarch/bleach-with-css-6.3.0-h5f6438b_0.conda#08a03378bc5293c6f97637323802f480
https://conda.anaconda.org/conda-forge/noarch/dask-core-2025.12.0-pyhcf101f3_1.conda#cc7b371edd70319942c802c7d828a428
https://conda.anaconda.org/conda-forge/osx-64/fontconfig-2.15.0-h37eeddb_1.conda#84ccec5ee37eb03dd352db0a3f89ada3
https://conda.anaconda.org/conda-forge/noarch/fqdn-1.5.1-pyhd8ed1ab_1.conda#d3549fd50d450b6d9e7dddff25dd2110
https://conda.anaconda.org/conda-forge/noarch/gitpython-3.1.45-pyhff2d567_0.conda#b91d463ea8be13bcbe644ae8bc99c39f
https://conda.anaconda.org/conda-forge/noarch/ipython-9.8.0-pyh53cf698_0.conda#fd77b1039118a3e8ce1070ac8ed45bae
https://conda.anaconda.org/conda-forge/noarch/jsonschema-specifications-2025.9.1-pyhcf101f3_0.conda#439cd0f567d697b20a8f45cb70a1005a
https://conda.anaconda.org/conda-forge/noarch/jupyter_client-8.7.0-pyhcf101f3_0.conda#1b0397a7b1fbffa031feb690b5fd0277
https://conda.anaconda.org/conda-forge/noarch/jupyter_server_terminals-0.5.3-pyhd8ed1ab_1.conda#2d983ff1b82a1ccb6f2e9d8784bdd6bd
https://conda.anaconda.org/conda-forge/osx-64/libgoogle-cloud-2.39.0-hed66dea_0.conda#06564befaabd2760dfa742e47074bad2
https://conda.anaconda.org/conda-forge/osx-64/libopenblas-0.3.30-openmp_h6006d49_4.conda#9241a65e6e9605e4581a2a8005d7f789
https://conda.anaconda.org/conda-forge/osx-64/libopentelemetry-cpp-1.21.0-h7d3f41d_1.conda#952dd64cff4a72cadf5e81572a7a81c8
https://conda.anaconda.org/conda-forge/noarch/markdown-3.10-pyhcf101f3_1.conda#934afb77580165027b869d4104ee002f
https://conda.anaconda.org/conda-forge/noarch/mdit-py-plugins-0.5.0-pyhd8ed1ab_0.conda#1997a083ef0b4c9331f9191564be275e
https://conda.anaconda.org/conda-forge/noarch/prompt_toolkit-3.0.52-hd8ed1ab_0.conda#6d034d3a6093adbba7b24cb69c8c621e
https://conda.anaconda.org/conda-forge/osx-64/pydantic-core-2.41.5-py311hd2a4513_1.conda#5351169dda2451dd0b430d1a773b7c65
https://conda.anaconda.org/conda-forge/osx-64/pyobjc-framework-cocoa-12.1-py311hbebd54f_0.conda#6690fcf51e6af57e5c70f482ccf14d48
https://conda.anaconda.org/conda-forge/noarch/pytest-9.0.2-pyhcf101f3_0.conda#2b694bad8a50dc2f712f5368de866480
https://conda.anaconda.org/conda-forge/noarch/rich-14.2.0-pyhcf101f3_0.conda#a247579d8a59931091b16a1e932bbed6
https://conda.anaconda.org/bioconda/noarch/snakemake-interface-executor-plugins-9.3.9-pyhdfd78af_0.tar.bz2#e75b9c422bcc3c9b52679dedb84f3b71
https://conda.anaconda.org/bioconda/noarch/snakemake-interface-logger-plugins-2.0.0-pyhd4c3c12_0.conda#98f75f2ca3a222992e2230d7afc54bb8
https://conda.anaconda.org/bioconda/noarch/snakemake-interface-report-plugins-1.3.0-pyhd4c3c12_0.conda#e6fd8cfb23b294da699e395dbc968d11
https://conda.anaconda.org/bioconda/noarch/snakemake-interface-scheduler-plugins-2.0.2-pyhd4c3c12_0.conda#1500fccf5e46c7f91d14925449ff3632
https://conda.anaconda.org/bioconda/noarch/snakemake-interface-storage-plugins-4.3.2-pyhd4c3c12_0.conda#b894c6a2d0612da952c9989ac7a22d16
https://conda.anaconda.org/conda-forge/osx-64/trio-0.32.0-py311hdb0ec4c_1.conda#c4c8cbb426ffdacc148147e6c5bf5cee
https://conda.anaconda.org/conda-forge/noarch/urllib3-2.6.2-pyhd8ed1ab_0.conda#4949ca7b83065cfe94ebe320aece8c72
https://conda.anaconda.org/conda-forge/noarch/wsproto-1.3.2-pyhd8ed1ab_0.conda#37296f462da2870694aff84a01625ba5
https://conda.anaconda.org/conda-forge/noarch/argon2-cffi-25.1.0-pyhd8ed1ab_0.conda#8ac12aff0860280ee0cff7fa2cf63f3b
https://conda.anaconda.org/conda-forge/osx-64/aws-crt-cpp-0.35.4-h7484968_0.conda#31db311b3005b16ff340796e424a6b3c
https://conda.anaconda.org/conda-forge/osx-64/azure-storage-blobs-cpp-12.15.0-h388f2e7_1.conda#6b5f36e610295f4f859dd9cf680bbf7d
https://conda.anaconda.org/conda-forge/osx-64/cairo-1.18.4-h7656bdc_1.conda#9917add2ab43df894b9bb6f5bf485975
https://conda.anaconda.org/conda-forge/noarch/httpcore-1.0.9-pyh29332c3_0.conda#4f14640d58e2cc0aa0819d9d8ba125bb
https://conda.anaconda.org/conda-forge/noarch/ipykernel-7.1.0-pyh5552912_0.conda#1849eec35b60082d2bd66b4e36dec2b6
https://conda.anaconda.org/conda-forge/noarch/ipywidgets-8.1.8-pyhd8ed1ab_0.conda#d68e3f70d1f068f1b66d94822fdc644e
https://conda.anaconda.org/conda-forge/noarch/isoduration-20.11.0-pyhd8ed1ab_1.conda#0b0154421989637d424ccf0f104be51a
https://conda.anaconda.org/conda-forge/noarch/jsonschema-4.25.1-pyhe01879c_0.conda#341fd940c242cf33e832c0402face56f
https://conda.anaconda.org/conda-forge/osx-64/libblas-3.11.0-5_he492b99_openblas.conda#36d2e68a156692cbae776b75d6ca6eae
https://conda.anaconda.org/conda-forge/osx-64/libgd-2.3.3-hb2c11ec_12.conda#e12673b408d1eb708adb3ecc2f621d78
https://conda.anaconda.org/conda-forge/osx-64/libgoogle-cloud-storage-2.39.0-h8ac052b_0.conda#7600fb1377c8eb5a161e4a2520933daa
https://conda.anaconda.org/conda-forge/noarch/py3dmol-2.5.3-pyhd8ed1ab_0.conda#30fca14f1e173362181c31a96c8cd99d
https://conda.anaconda.org/conda-forge/noarch/pydantic-2.12.5-pyhcf101f3_1.conda#c3946ed24acdb28db1b5d63321dbca7d
https://conda.anaconda.org/conda-forge/noarch/pytest-timeout-2.4.0-pyhd8ed1ab_0.conda#52a50ca8ea1b3496fbd3261bea8c5722
https://conda.anaconda.org/conda-forge/noarch/requests-2.32.5-pyhcf101f3_1.conda#c65df89a0b2e321045a9e01d1337b182
https://conda.anaconda.org/conda-forge/noarch/send2trash-2.0.0-pyh5552912_0.conda#dcff6f8ea9e86a0bda978b88f89f2310
https://conda.anaconda.org/conda-forge/noarch/trio-websocket-0.12.2-pyh29332c3_0.conda#9bb27d491b0dc9ed94ecfee8490bc0e7
https://conda.anaconda.org/conda-forge/noarch/typer-slim-standard-0.21.0-hd63da06_0.conda#b9b9911609c8371886a79e8fdccaff0f
https://conda.anaconda.org/conda-forge/noarch/veracitools-0.1.3-py_0.tar.bz2#f2c8d44ea78cf639ab4810aedba43ab5
https://conda.anaconda.org/conda-forge/osx-64/aws-sdk-cpp-1.11.606-h386ebac_10.conda#768c6b78e331a2938af208e062fd6702
https://conda.anaconda.org/conda-forge/osx-64/azure-storage-files-datalake-cpp-12.13.0-h1984e67_1.conda#ef5701f2da108d432e7872d58e8ac64e
https://conda.anaconda.org/conda-forge/osx-64/harfbuzz-12.3.0-h8b84c26_0.conda#a1abc59ee893b609e7df4e6df29a6743
https://conda.anaconda.org/conda-forge/noarch/httpx-0.28.1-pyhd8ed1ab_0.conda#d6989ead454181f4f9bc987d3dc4e285
https://conda.anaconda.org/conda-forge/noarch/jsonschema-with-format-nongpl-4.25.1-he01879c_0.conda#13e31c573c884962318a738405ca3487
https://conda.anaconda.org/conda-forge/noarch/jupyter_console-6.6.3-pyhd8ed1ab_1.conda#801dbf535ec26508fac6d4b24adfb76e
https://conda.anaconda.org/conda-forge/osx-64/libcblas-3.11.0-5_h9b27e0a_openblas.conda#b31d771cbccff686e01a687708a7ca41
https://conda.anaconda.org/conda-forge/osx-64/liblapack-3.11.0-5_h859234e_openblas.conda#eb5b1c25d4ac30813a6ca950a58710d6
https://conda.anaconda.org/conda-forge/noarch/nbformat-5.10.4-pyhd8ed1ab_1.conda#bbe1963f1e47f594070ffe87cdf612ea
https://conda.anaconda.org/conda-forge/noarch/pyct-0.6.0-pyhd8ed1ab_0.conda#9d19c7ea78d067fbbaa2317a85f844e7
https://conda.anaconda.org/conda-forge/noarch/python-kaleido-1.2.0-pyhcf101f3_0.conda#fab666407b4ef9b62ae27f0a01d11e32
https://conda.anaconda.org/conda-forge/noarch/selenium-4.39.0-pyhcf101f3_0.conda#2fddf899d9d9f603ad66a6b80e51796b
https://conda.anaconda.org/conda-forge/noarch/typer-0.21.0-pyhbb89825_0.conda#053a45ad64fe08064eff395e4532673f
https://conda.anaconda.org/conda-forge/noarch/ubiquerg-0.8.0-pyhd8ed1ab_0.conda#41408dc37271d5d0f99e2e10336cf40d
https://conda.anaconda.org/conda-forge/osx-64/coin-or-utils-2.11.12-h6e60e65_7.conda#a6a81ab566fcdbf550b0275717920226
https://conda.anaconda.org/conda-forge/noarch/jupyter_events-0.12.0-pyh29332c3_0.conda#f56000b36f09ab7533877e695e4e8cb0
https://conda.anaconda.org/conda-forge/osx-64/libarrow-22.0.0-h563529e_6_cpu.conda#9cdb6f5779fb935d84e7cdaa00d5c26d
https://conda.anaconda.org/conda-forge/osx-64/liblapacke-3.11.0-5_h94b3770_openblas.conda#475b9378f397064c05a8c5ed9eecedef
https://conda.anaconda.org/conda-forge/noarch/nbclient-0.10.4-pyhd8ed1ab_0.conda#00f5b8dafa842e0c27c1cd7296aa4875
https://conda.anaconda.org/conda-forge/osx-64/numpy-2.3.5-py311h3402b43_1.conda#a0e61ad2db393340765ae3ac1f6278e0
https://conda.anaconda.org/conda-forge/osx-64/pango-1.56.4-h6ef8af8_0.conda#8c6316c058884ffda0af1f1272910f94
https://conda.anaconda.org/conda-forge/osx-64/biopython-1.86-py311hf197a57_0.conda#fa09357888dd7f89b3a43aca96bfe05b
https://conda.anaconda.org/conda-forge/osx-64/coin-or-osi-0.108.11-hcf72bcd_8.conda#9c2efffe5fb845060e06a90b82ac7239
https://conda.anaconda.org/conda-forge/osx-64/contourpy-1.3.3-py311haec20ae_3.conda#490cd30a30f32edbe8e642df7db8bbc2
https://conda.anaconda.org/conda-forge/osx-64/gtk3-3.24.43-h5e629aa_6.conda#dbd0346e44fcbda7fe4f6eaf42597ef9
https://conda.anaconda.org/conda-forge/osx-64/libarrow-compute-22.0.0-h7751554_6_cpu.conda#1feda49b7df6cf16240c90b06e4220ec
https://conda.anaconda.org/conda-forge/osx-64/libparquet-22.0.0-habb56ca_6_cpu.conda#886dc122316a8511edba3a3c53588916
https://conda.anaconda.org/conda-forge/osx-64/librsvg-2.60.0-h2da6fc3_0.conda#0e5609c0f8e5421e43301bcc3c5e1985
https://conda.anaconda.org/conda-forge/noarch/nbconvert-core-7.16.6-pyhcf101f3_1.conda#cfc86ccc3b1de35d36ccaae4c50391f5
https://conda.anaconda.org/conda-forge/osx-64/numba-0.63.1-py311hfe9595b_0.conda#ab1fa59c3dedec55d54664060d4b6ce6
https://conda.anaconda.org/conda-forge/osx-64/pandas-2.3.3-py311hca9a5ca_2.conda#bd00254b6a77b575177c78f64c5fb366
https://conda.anaconda.org/conda-forge/noarch/patsy-1.0.2-pyhcf101f3_0.conda#8678577a52161cc4e1c93fcc18e8a646
https://conda.anaconda.org/conda-forge/osx-64/scipy-1.16.3-py311hd77d3c2_2.conda#5153a584333b37a433b5e1244606ef3d
https://conda.anaconda.org/conda-forge/noarch/adwaita-icon-theme-49.0-unix_0.conda#b3f0179590f3c0637b7eb5309898f79e
https://conda.anaconda.org/conda-forge/noarch/bokeh-3.8.1-pyhd8ed1ab_0.conda#f301f72474b91f1f83d42bcc7d81ce09
https://conda.anaconda.org/conda-forge/osx-64/coin-or-clp-1.17.10-heb008f4_3.conda#f743fd25c0107b0ed5f4ae0955fe27a6
https://conda.anaconda.org/conda-forge/noarch/jupyter_server-2.17.0-pyhcf101f3_0.conda#d79a87dcfa726bcea8e61275feed6f83
https://conda.anaconda.org/conda-forge/noarch/keras-preprocessing-1.1.2-pyhd8ed1ab_1.conda#3fa7d98a26c219c07453ffe5cf203fd1
https://conda.anaconda.org/conda-forge/osx-64/libarrow-acero-22.0.0-h2db2d7d_6_cpu.conda#6167eebc2d1a893b5c9da5b28803c9b1
https://conda.anaconda.org/conda-forge/osx-64/matplotlib-base-3.10.8-py311h48d7e91_0.conda#358e04ffb2ddef9528397d1c65e7a634
https://conda.anaconda.org/bioconda/noarch/nanoget-1.19.4-pyhdfd78af_0.conda#1754eebc26ad86c4ac1f30528c74a13f
https://conda.anaconda.org/conda-forge/osx-64/pyarrow-core-22.0.0-py311h69bce32_0_cpu.conda#32c5d4f57bdb2e911b22a996ca90d11f
https://conda.anaconda.org/conda-forge/osx-64/scikit-learn-1.8.0-np2py311heeb2b4f_1.conda#325133e9fa12bbcdf2c6efe748cd117b
https://conda.anaconda.org/conda-forge/osx-64/statsmodels-0.14.6-py311ha837bc1_0.conda#1edfb3d6c93d0023bd24340ebde2483e
https://conda.anaconda.org/conda-forge/noarch/xarray-2025.12.0-pyhcf101f3_0.conda#efdb3ef0ff549959650ef070ba2c52d2
https://conda.anaconda.org/conda-forge/osx-64/coin-or-cgl-0.60.9-hbb40df2_6.conda#734365056c54a4c63b8de90993f4817d
https://conda.anaconda.org/conda-forge/noarch/datashader-0.18.2-pyhd8ed1ab_0.conda#7202ca262fc28025443238271066d88b
https://conda.anaconda.org/conda-forge/osx-64/graphviz-14.1.0-had0cc5b_0.conda#2b817259cccac25ca7190fe3a48d54d4
https://conda.anaconda.org/conda-forge/noarch/jupyter-lsp-2.3.0-pyhcf101f3_0.conda#62b7c96c6cd77f8173cc5cada6a9acaa
https://conda.anaconda.org/conda-forge/noarch/jupyter_bokeh-4.0.5-pyhd8ed1ab_1.conda#ffaa7f642a00edf0be1bb3ff7306cc52
https://conda.anaconda.org/conda-forge/noarch/jupyterlab_server-2.28.0-pyhcf101f3_0.conda#a63877cb23de826b1620d3adfccc4014
https://conda.anaconda.org/conda-forge/osx-64/libarrow-dataset-22.0.0-h2db2d7d_6_cpu.conda#d5a2c15f5cb9928b4d5847b2ca13af5f
https://conda.anaconda.org/conda-forge/noarch/notebook-shim-0.2.4-pyhd8ed1ab_1.conda#e7f89ea5f7ea9401642758ff50a2d9c1
https://conda.anaconda.org/conda-forge/noarch/pacmap-0.8.0-pyhd8ed1ab_1.conda#20defb17548d66a65e0485d60ba8f0f3
https://conda.anaconda.org/conda-forge/noarch/panel-1.8.5-pyhd8ed1ab_0.conda#2562974314d2d5ea50107073d14885fb
https://conda.anaconda.org/conda-forge/osx-64/coin-or-cbc-2.10.12-h084678f_4.conda#5f4886245ab5bc69a4f6ab2378ca1b54
https://conda.anaconda.org/conda-forge/noarch/holoviews-1.22.1-pyhd8ed1ab_0.conda#32bc3daa3fa9619d84e634b4515f564a
https://conda.anaconda.org/conda-forge/noarch/jupyterlab-4.5.1-pyhd8ed1ab_0.conda#f8e8f8db45e1a946ce9b20b0f60b3111
https://conda.anaconda.org/conda-forge/osx-64/libarrow-substrait-22.0.0-h4653b8a_6_cpu.conda#0420b6cb0c11dfaf0dbd607cd808cf9c
https://conda.anaconda.org/conda-forge/noarch/hvplot-0.12.2-pyhd8ed1ab_0.conda#a3ebf00cb037e464061fcf68a5a75d83
https://conda.anaconda.org/conda-forge/noarch/notebook-7.5.1-pyhcf101f3_0.conda#c984a8b773a34e38f5cf399b6d582e5c
https://conda.anaconda.org/conda-forge/osx-64/pulp-2.8.0-py311h6dafe98_3.conda#a7c2c1ea2c20a78c0f01787fac6be9ef
https://conda.anaconda.org/conda-forge/osx-64/pyarrow-22.0.0-py311h6eed73b_0.conda#a36fe359fb90304500740a4b2d931bbd
https://conda.anaconda.org/conda-forge/noarch/jupyter-1.1.1-pyhd8ed1ab_1.conda#9453512288d20847de4356327d0e1282
https://conda.anaconda.org/bioconda/noarch/nanoplot-1.46.2-pyhdfd78af_0.conda#7107c265fb2ed90f333ea7e6c5f19ac5
https://conda.anaconda.org/bioconda/noarch/snakemake-minimal-9.14.5-pyhdfd78af_0.conda#506595d74d93a867497f0c97144007c5
https://conda.anaconda.org/conda-forge/noarch/spatialpandas-0.5.0-pyhd8ed1ab_0.conda#e371879bca521d38ad57e88a705bcda4
https://conda.anaconda.org/conda-forge/noarch/eido-0.2.4-pyhd8ed1ab_0.conda#fc815854ab62482e2f2f0d8fab786a1c
https://conda.anaconda.org/conda-forge/noarch/pephubclient-0.4.4-pyhd8ed1ab_1.conda#08d92912686d87b05d53ce04f00142c8
https://conda.anaconda.org/conda-forge/noarch/peppy-0.40.8-pyhd8ed1ab_0.conda#af8214b9b5fd6d49175958be2a4f5321
https://conda.anaconda.org/bioconda/noarch/snakemake-9.14.5-hdfd78af_0.conda#f58d59bad6b87b017ed678571ec76577
